// !$*UTF8*$!
{
	archiveVersion = 1;
	classes = {
	};
	objectVersion = 46;
	objects = {

/* Begin PBXBuildFile section */
		660498E91D020DB5003DA374 /* TestURLBuilder.m in Sources */ = {isa = PBXBuildFile; fileRef = 660498E81D020DB5003DA374 /* TestURLBuilder.m */; };
		661510191D079D9300B298B7 /* TestEvent.m in Sources */ = {isa = PBXBuildFile; fileRef = 661510171D079D6F00B298B7 /* TestEvent.m */; };
		662077B01D63E8E000355F81 /* TSTestUtils.m in Sources */ = {isa = PBXBuildFile; fileRef = 662077AF1D63E8E000355F81 /* TSTestUtils.m */; };
		662077B51D63EAB300355F81 /* TestTimelineLookupDelegate.m in Sources */ = {isa = PBXBuildFile; fileRef = 662077B41D63EAB300355F81 /* TestTimelineLookupDelegate.m */; };
		662077BD1D63F51300355F81 /* TSStartupDelegate.m in Sources */ = {isa = PBXBuildFile; fileRef = 662077BC1D63F51300355F81 /* TSStartupDelegate.m */; };
		662077C31D64D10900355F81 /* TestDefaultStartupDelegate.m in Sources */ = {isa = PBXBuildFile; fileRef = 662077BF1D64020100355F81 /* TestDefaultStartupDelegate.m */; };
		662077C61D64D2EE00355F81 /* TSFireEventDelegate.m in Sources */ = {isa = PBXBuildFile; fileRef = 662077C51D64D2EE00355F81 /* TSFireEventDelegate.m */; };
		662077CC1D64E7C800355F81 /* TestFireEventDelegate.m in Sources */ = {isa = PBXBuildFile; fileRef = 662077C81D64E79200355F81 /* TestFireEventDelegate.m */; };
		66207A9A1D0B7547001DB3B5 /* TestConversionQueryResponse.m in Sources */ = {isa = PBXBuildFile; fileRef = 66207A991D0B7547001DB3B5 /* TestConversionQueryResponse.m */; };
		6624C08A1DA3251500FF5AAC /* TestIOSStartupDelegate.m in Sources */ = {isa = PBXBuildFile; fileRef = 662077B61D63ECD100355F81 /* TestIOSStartupDelegate.m */; };
		6624C08B1DA3251500FF5AAC /* TestIOSFireEventDelegate.m in Sources */ = {isa = PBXBuildFile; fileRef = 662077BA1D63F32200355F81 /* TestIOSFireEventDelegate.m */; };
		6624C0911DA3251500FF5AAC /* TestTapstream.m in Sources */ = {isa = PBXBuildFile; fileRef = 6624C05E1DA31AC900FF5AAC /* TestTapstream.m */; };
		6624C0921DA3251500FF5AAC /* TestUniversalLink.m in Sources */ = {isa = PBXBuildFile; fileRef = 66D25DC31CEFC42C005BC94C /* TestUniversalLink.m */; };
		6624C0931DA3251500FF5AAC /* TestUniversalLinkDelegate.m in Sources */ = {isa = PBXBuildFile; fileRef = 662077B11D63E98000355F81 /* TestUniversalLinkDelegate.m */; };
		6624C0A41DA3258F00FF5AAC /* TestOfferStrategy.m in Sources */ = {isa = PBXBuildFile; fileRef = 66C53D731D1C9BC0005A3130 /* TestOfferStrategy.m */; };
		6624C0A51DA3258F00FF5AAC /* TestRewardStrategy.m in Sources */ = {isa = PBXBuildFile; fileRef = 66C53D711D1C958F005A3130 /* TestRewardStrategy.m */; };
		6624C0C11DA3268900FF5AAC /* TSWordOfMouthDelegate.h in Headers */ = {isa = PBXBuildFile; fileRef = 6624C0BF1DA3266000FF5AAC /* TSWordOfMouthDelegate.h */; };
		6624C0C21DA3268900FF5AAC /* TSDefaultOfferStrategy.h in Headers */ = {isa = PBXBuildFile; fileRef = 66C53D681D18CDA5005A3130 /* TSDefaultOfferStrategy.h */; };
		6624C0C31DA3268900FF5AAC /* TSDefaultOfferStrategy.m in Sources */ = {isa = PBXBuildFile; fileRef = 66C53D6A1D18CDE7005A3130 /* TSDefaultOfferStrategy.m */; };
		6624C0C41DA3268900FF5AAC /* TSDefaultRewardStrategy.h in Headers */ = {isa = PBXBuildFile; fileRef = 66C53D6E1D1B26F9005A3130 /* TSDefaultRewardStrategy.h */; };
		6624C0C51DA3268900FF5AAC /* TSDefaultRewardStrategy.m in Sources */ = {isa = PBXBuildFile; fileRef = 66C53D6F1D1B2776005A3130 /* TSDefaultRewardStrategy.m */; };
		6624C0C61DA3268900FF5AAC /* TSOffer.h in Headers */ = {isa = PBXBuildFile; fileRef = 66C53D4C1D189F88005A3130 /* TSOffer.h */; };
		6624C0C71DA3268900FF5AAC /* TSOffer.m in Sources */ = {isa = PBXBuildFile; fileRef = 66C53D4D1D189F88005A3130 /* TSOffer.m */; };
		6624C0C81DA3268900FF5AAC /* TSOfferApiResponse.h in Headers */ = {isa = PBXBuildFile; fileRef = 66C53D5E1D18A279005A3130 /* TSOfferApiResponse.h */; };
		6624C0C91DA3268900FF5AAC /* TSOfferApiResponse.m in Sources */ = {isa = PBXBuildFile; fileRef = 66C53D601D18A2E0005A3130 /* TSOfferApiResponse.m */; };
		6624C0CA1DA3268900FF5AAC /* TSOfferStrategy.h in Headers */ = {isa = PBXBuildFile; fileRef = 66C53D661D18CCB6005A3130 /* TSOfferStrategy.h */; };
		6624C0CC1DA3268900FF5AAC /* TSOfferViewController.h in Headers */ = {isa = PBXBuildFile; fileRef = 66C53D4E1D189F88005A3130 /* TSOfferViewController.h */; };
		6624C0CD1DA3268900FF5AAC /* TSOfferViewController.m in Sources */ = {isa = PBXBuildFile; fileRef = 66C53D4F1D189F88005A3130 /* TSOfferViewController.m */; };
		6624C0CE1DA3268900FF5AAC /* TSReward.h in Headers */ = {isa = PBXBuildFile; fileRef = 66C53D501D189F88005A3130 /* TSReward.h */; };
		6624C0CF1DA3268900FF5AAC /* TSReward.m in Sources */ = {isa = PBXBuildFile; fileRef = 66C53D511D189F88005A3130 /* TSReward.m */; };
		6624C0D01DA3268900FF5AAC /* TSRewardApiResponse.h in Headers */ = {isa = PBXBuildFile; fileRef = 66C53D621D18A3A0005A3130 /* TSRewardApiResponse.h */; };
		6624C0D11DA3268900FF5AAC /* TSRewardApiResponse.m in Sources */ = {isa = PBXBuildFile; fileRef = 66C53D641D18C661005A3130 /* TSRewardApiResponse.m */; };
		6624C0D21DA3268900FF5AAC /* TSRewardStrategy.h in Headers */ = {isa = PBXBuildFile; fileRef = 66C53D6C1D1B268B005A3130 /* TSRewardStrategy.h */; };
		6624C0D31DA3268900FF5AAC /* TSWordOfMouthController.h in Headers */ = {isa = PBXBuildFile; fileRef = 66C53D521D189F88005A3130 /* TSWordOfMouthController.h */; };
		6624C0D41DA3268900FF5AAC /* TSWordOfMouthController.m in Sources */ = {isa = PBXBuildFile; fileRef = 66C53D531D189F88005A3130 /* TSWordOfMouthController.m */; };
		6624C0D71DA58E4400FF5AAC /* TestLander.m in Sources */ = {isa = PBXBuildFile; fileRef = 66DBC9541D061EAB00759F80 /* TestLander.m */; };
		6624C0D81DA58E4400FF5AAC /* TestLanderStrategy.m in Sources */ = {isa = PBXBuildFile; fileRef = 660498D01D00CEAC003DA374 /* TestLanderStrategy.m */; };
		6624C0D91DA58E4400FF5AAC /* TestShowLanderDelegate.m in Sources */ = {isa = PBXBuildFile; fileRef = 662077AB1D63E6D300355F81 /* TestShowLanderDelegate.m */; };
		6624C0DA1DA58E5000FF5AAC /* TSDefaultLanderStrategy.h in Headers */ = {isa = PBXBuildFile; fileRef = 6614D1AD1D48228D001C88AB /* TSDefaultLanderStrategy.h */; };
		6624C0DB1DA58E5000FF5AAC /* TSDefaultLanderStrategy.m in Sources */ = {isa = PBXBuildFile; fileRef = 6614D1AE1D48228D001C88AB /* TSDefaultLanderStrategy.m */; };
		6624C0DC1DA58E5000FF5AAC /* TSInAppLanders.h in Headers */ = {isa = PBXBuildFile; fileRef = 6624C0631DA323FE00FF5AAC /* TSInAppLanders.h */; };
		6624C0DD1DA58E5000FF5AAC /* TSIOSShowLanderDelegate.h in Headers */ = {isa = PBXBuildFile; fileRef = 6624C0BB1DA325D100FF5AAC /* TSIOSShowLanderDelegate.h */; };
		6624C0DE1DA58E5000FF5AAC /* TSIOSShowLanderDelegate.m in Sources */ = {isa = PBXBuildFile; fileRef = 6624C0BC1DA325D100FF5AAC /* TSIOSShowLanderDelegate.m */; };
		6624C0DF1DA58E5000FF5AAC /* TSLander.h in Headers */ = {isa = PBXBuildFile; fileRef = 6614D1AF1D48228D001C88AB /* TSLander.h */; };
		6624C0E01DA58E5000FF5AAC /* TSLander.m in Sources */ = {isa = PBXBuildFile; fileRef = 6614D1B01D48228D001C88AB /* TSLander.m */; };
		6624C0E11DA58E5000FF5AAC /* TSLanderController.h in Headers */ = {isa = PBXBuildFile; fileRef = 6614D1B11D48228D001C88AB /* TSLanderController.h */; };
		6624C0E21DA58E5000FF5AAC /* TSLanderController.m in Sources */ = {isa = PBXBuildFile; fileRef = 6614D1B21D48228D001C88AB /* TSLanderController.m */; };
		6624C0E31DA58E5000FF5AAC /* TSLanderDelegate.h in Headers */ = {isa = PBXBuildFile; fileRef = 6614D1B31D48228D001C88AB /* TSLanderDelegate.h */; };
		6624C0E41DA58E5000FF5AAC /* TSLanderDelegateWrapper.h in Headers */ = {isa = PBXBuildFile; fileRef = 6614D1B41D48228D001C88AB /* TSLanderDelegateWrapper.h */; };
		6624C0E51DA58E5000FF5AAC /* TSLanderDelegateWrapper.m in Sources */ = {isa = PBXBuildFile; fileRef = 6614D1B51D48228D001C88AB /* TSLanderDelegateWrapper.m */; };
		6624C0E61DA58E5000FF5AAC /* TSLanderStrategy.h in Headers */ = {isa = PBXBuildFile; fileRef = 6614D1B61D48228D001C88AB /* TSLanderStrategy.h */; };
		6624C0E71DA58E5000FF5AAC /* TSLanderView.xib in Resources */ = {isa = PBXBuildFile; fileRef = 6614D1B71D48228D001C88AB /* TSLanderView.xib */; };
		6624C0E91DA591C900FF5AAC /* TSWordOfMouth.h in Headers */ = {isa = PBXBuildFile; fileRef = 6624C0E81DA591C900FF5AAC /* TSWordOfMouth.h */; };
		66519FEA1D2B42F30002E7E7 /* TestURLEncoder.m in Sources */ = {isa = PBXBuildFile; fileRef = 66519FE81D2B42D30002E7E7 /* TestURLEncoder.m */; };
		666C19C21CE65CA9004806D9 /* TapstreamIOS.framework in Frameworks */ = {isa = PBXBuildFile; fileRef = 666C19B71CE65CA9004806D9 /* TapstreamIOS.framework */; };
		66837F441D5BDE6C00D01591 /* TSStartupDelegate.h in Headers */ = {isa = PBXBuildFile; fileRef = 66837F431D5BDE6C00D01591 /* TSStartupDelegate.h */; };
		66837F501D5C01AB00D01591 /* TSTimelineLookupDelegate.h in Headers */ = {isa = PBXBuildFile; fileRef = 66837F4F1D5C01AB00D01591 /* TSTimelineLookupDelegate.h */; };
		66837F531D5C020500D01591 /* TSTimelineLookupDelegate.m in Sources */ = {isa = PBXBuildFile; fileRef = 66837F521D5C020500D01591 /* TSTimelineLookupDelegate.m */; };
		66837F561D5C02E300D01591 /* TSDefs.h in Headers */ = {isa = PBXBuildFile; fileRef = 66837F551D5C02E300D01591 /* TSDefs.h */; settings = {ATTRIBUTES = (Public, ); }; };
		669256E71DA6EA6E00946429 /* TestWordOfMouthController.m in Sources */ = {isa = PBXBuildFile; fileRef = 660FD8481D301E5D00A05527 /* TestWordOfMouthController.m */; };
		669256E81DA6EEE800946429 /* TSResponse.h in Headers */ = {isa = PBXBuildFile; fileRef = 6623D29C1D136D3A00B72EA5 /* TSResponse.h */; settings = {ATTRIBUTES = (Public, ); }; };
		66BA431C1DB59876006591B2 /* TapstreamIOS.h in Headers */ = {isa = PBXBuildFile; fileRef = 6624C0EB1DA6E05C00FF5AAC /* TapstreamIOS.h */; };
		66BA431D1DB59876006591B2 /* TSIOSFireEventDelegate.h in Headers */ = {isa = PBXBuildFile; fileRef = 6624C0EC1DA6E05C00FF5AAC /* TSIOSFireEventDelegate.h */; };
		66BA431E1DB59876006591B2 /* TSIOSFireEventDelegate.m in Sources */ = {isa = PBXBuildFile; fileRef = 6624C0ED1DA6E05C00FF5AAC /* TSIOSFireEventDelegate.m */; };
		66BA431F1DB59876006591B2 /* TSIOSStartupDelegate.h in Headers */ = {isa = PBXBuildFile; fileRef = 6624C0EE1DA6E05C00FF5AAC /* TSIOSStartupDelegate.h */; };
		66BA43201DB59876006591B2 /* TSIOSStartupDelegate.m in Sources */ = {isa = PBXBuildFile; fileRef = 6624C0EF1DA6E05C00FF5AAC /* TSIOSStartupDelegate.m */; };
		66BA43211DB59876006591B2 /* TSIOSUniversalLinkDelegate.h in Headers */ = {isa = PBXBuildFile; fileRef = 6624C0F01DA6E05C00FF5AAC /* TSIOSUniversalLinkDelegate.h */; };
		66BA43221DB59876006591B2 /* TSIOSUniversalLinkDelegate.m in Sources */ = {isa = PBXBuildFile; fileRef = 6624C0F11DA6E05C00FF5AAC /* TSIOSUniversalLinkDelegate.m */; };
		66BA43231DB59876006591B2 /* TSShowLanderDelegate.h in Headers */ = {isa = PBXBuildFile; fileRef = 6624C0F21DA6E05C00FF5AAC /* TSShowLanderDelegate.h */; };
		66BA43241DB59876006591B2 /* TSUniversalLinkApiResponse.h in Headers */ = {isa = PBXBuildFile; fileRef = 6624C0F31DA6E05C00FF5AAC /* TSUniversalLinkApiResponse.h */; };
		66BA43251DB59876006591B2 /* TSUniversalLinkApiResponse.m in Sources */ = {isa = PBXBuildFile; fileRef = 6624C0F41DA6E05C00FF5AAC /* TSUniversalLinkApiResponse.m */; };
		66BA43291DB598C2006591B2 /* TSFireEventDelegate.h in Headers */ = {isa = PBXBuildFile; fileRef = 66837F4A1D5BE74000D01591 /* TSFireEventDelegate.h */; };
		66BFCF791D0A30D5004AF5EE /* TestFireEventStrategy.m in Sources */ = {isa = PBXBuildFile; fileRef = 66BFCF781D0A30D5004AF5EE /* TestFireEventStrategy.m */; };
		66C3114D1D36DCD60029ECE9 /* TSApi.h in Headers */ = {isa = PBXBuildFile; fileRef = 6623D26D1D136D3A00B72EA5 /* TSApi.h */; settings = {ATTRIBUTES = (Public, ); }; };
		66C3114E1D36DCD60029ECE9 /* TSAppEventSource.h in Headers */ = {isa = PBXBuildFile; fileRef = 6623D26E1D136D3A00B72EA5 /* TSAppEventSource.h */; settings = {ATTRIBUTES = (Public, ); }; };
		66C3114F1D36DCD60029ECE9 /* TSConfig.h in Headers */ = {isa = PBXBuildFile; fileRef = 6623D26F1D136D3A00B72EA5 /* TSConfig.h */; settings = {ATTRIBUTES = (Public, ); }; };
		66C311501D36DCD60029ECE9 /* TSConfig.m in Sources */ = {isa = PBXBuildFile; fileRef = 6623D2701D136D3A00B72EA5 /* TSConfig.m */; };
		66C311511D36DCD60029ECE9 /* TSTimelineApiResponse.h in Headers */ = {isa = PBXBuildFile; fileRef = 6623D2711D136D3A00B72EA5 /* TSTimelineApiResponse.h */; settings = {ATTRIBUTES = (Public, ); }; };
		66C311521D36DCD60029ECE9 /* TSTimelineApiResponse.m in Sources */ = {isa = PBXBuildFile; fileRef = 6623D2721D136D3A00B72EA5 /* TSTimelineApiResponse.m */; };
		66C311541D36DCD60029ECE9 /* TSCoreListener.h in Headers */ = {isa = PBXBuildFile; fileRef = 6623D2741D136D3A00B72EA5 /* TSCoreListener.h */; settings = {ATTRIBUTES = (Public, ); }; };
		66C311551D36DCD60029ECE9 /* TSDefaultAppEventSource.h in Headers */ = {isa = PBXBuildFile; fileRef = 6623D2751D136D3A00B72EA5 /* TSDefaultAppEventSource.h */; };
		66C311561D36DCD60029ECE9 /* TSDefaultAppEventSource.m in Sources */ = {isa = PBXBuildFile; fileRef = 6623D2761D136D3A00B72EA5 /* TSDefaultAppEventSource.m */; };
		66C311591D36DCD60029ECE9 /* TSDefaultCoreListener.h in Headers */ = {isa = PBXBuildFile; fileRef = 6623D2791D136D3A00B72EA5 /* TSDefaultCoreListener.h */; };
		66C3115A1D36DCD60029ECE9 /* TSDefaultCoreListener.m in Sources */ = {isa = PBXBuildFile; fileRef = 6623D27A1D136D3A00B72EA5 /* TSDefaultCoreListener.m */; };
		66C3115B1D36DCD60029ECE9 /* TSDefaultFireEventStrategy.h in Headers */ = {isa = PBXBuildFile; fileRef = 6623D27B1D136D3A00B72EA5 /* TSDefaultFireEventStrategy.h */; };
		66C3115C1D36DCD60029ECE9 /* TSDefaultFireEventStrategy.m in Sources */ = {isa = PBXBuildFile; fileRef = 6623D27C1D136D3A00B72EA5 /* TSDefaultFireEventStrategy.m */; };
		66C3115D1D36DCD60029ECE9 /* TSDefaultHttpClient.h in Headers */ = {isa = PBXBuildFile; fileRef = 6623D27D1D136D3A00B72EA5 /* TSDefaultHttpClient.h */; };
		66C3115E1D36DCD60029ECE9 /* TSDefaultHttpClient.m in Sources */ = {isa = PBXBuildFile; fileRef = 6623D27E1D136D3A00B72EA5 /* TSDefaultHttpClient.m */; };
		66C311611D36DCD60029ECE9 /* TSDefaultPersistentStorage.h in Headers */ = {isa = PBXBuildFile; fileRef = 6623D2811D136D3A00B72EA5 /* TSDefaultPersistentStorage.h */; };
		66C311621D36DCD60029ECE9 /* TSDefaultPersistentStorage.m in Sources */ = {isa = PBXBuildFile; fileRef = 6623D2821D136D3A00B72EA5 /* TSDefaultPersistentStorage.m */; };
		66C311631D36DCD60029ECE9 /* TSDefaultPlatform.h in Headers */ = {isa = PBXBuildFile; fileRef = 6623D2831D136D3A00B72EA5 /* TSDefaultPlatform.h */; };
		66C311641D36DCD60029ECE9 /* TSDefaultPlatform.m in Sources */ = {isa = PBXBuildFile; fileRef = 6623D2841D136D3A00B72EA5 /* TSDefaultPlatform.m */; };
		66C311651D36DCD60029ECE9 /* TSError.h in Headers */ = {isa = PBXBuildFile; fileRef = 6623D2861D136D3A00B72EA5 /* TSError.h */; settings = {ATTRIBUTES = (Public, ); }; };
		66C311661D36DCD60029ECE9 /* TSError.m in Sources */ = {isa = PBXBuildFile; fileRef = 6623D2871D136D3A00B72EA5 /* TSError.m */; };
		66C311671D36DCD60029ECE9 /* TSEvent.h in Headers */ = {isa = PBXBuildFile; fileRef = 6623D2881D136D3A00B72EA5 /* TSEvent.h */; settings = {ATTRIBUTES = (Public, ); }; };
		66C311681D36DCD60029ECE9 /* TSEvent.m in Sources */ = {isa = PBXBuildFile; fileRef = 6623D2891D136D3A00B72EA5 /* TSEvent.m */; };
		66C311691D36DCD60029ECE9 /* TSFallable.h in Headers */ = {isa = PBXBuildFile; fileRef = 66C53D5C1D18A0D6005A3130 /* TSFallable.h */; settings = {ATTRIBUTES = (Public, ); }; };
		66C3116A1D36DCD60029ECE9 /* TSFireEventStrategy.h in Headers */ = {isa = PBXBuildFile; fileRef = 6623D28A1D136D3A00B72EA5 /* TSFireEventStrategy.h */; settings = {ATTRIBUTES = (Public, ); }; };
		66C3116C1D36DCD60029ECE9 /* TSLogging.h in Headers */ = {isa = PBXBuildFile; fileRef = 6623D2951D136D3A00B72EA5 /* TSLogging.h */; settings = {ATTRIBUTES = (Public, ); }; };
		66C3116D1D36DCD60029ECE9 /* TSLogging.m in Sources */ = {isa = PBXBuildFile; fileRef = 6623D2961D136D3A00B72EA5 /* TSLogging.m */; };
		66C3116E1D36DCD60029ECE9 /* TSLogLevel.h in Headers */ = {isa = PBXBuildFile; fileRef = 6623D2971D136D3A00B72EA5 /* TSLogLevel.h */; settings = {ATTRIBUTES = (Public, ); }; };
		66C3116F1D36DCD60029ECE9 /* TSPersistentStorage.h in Headers */ = {isa = PBXBuildFile; fileRef = 6623D2981D136D3A00B72EA5 /* TSPersistentStorage.h */; settings = {ATTRIBUTES = (Public, ); }; };
		66C311701D36DCD60029ECE9 /* TSPlatform.h in Headers */ = {isa = PBXBuildFile; fileRef = 6623D2991D136D3A00B72EA5 /* TSPlatform.h */; settings = {ATTRIBUTES = (Public, ); }; };
		66C311711D36DCD60029ECE9 /* TSRequestData.h in Headers */ = {isa = PBXBuildFile; fileRef = 6623D29A1D136D3A00B72EA5 /* TSRequestData.h */; settings = {ATTRIBUTES = (Public, ); }; };
		66C311721D36DCD60029ECE9 /* TSRequestData.m in Sources */ = {isa = PBXBuildFile; fileRef = 6623D29B1D136D3A00B72EA5 /* TSRequestData.m */; };
		66C311741D36DCD60029ECE9 /* TSResponse.m in Sources */ = {isa = PBXBuildFile; fileRef = 6623D29D1D136D3A00B72EA5 /* TSResponse.m */; };
		66C311771D36DCD60029ECE9 /* TSTapstream.h in Headers */ = {isa = PBXBuildFile; fileRef = 6623D2A01D136D3A00B72EA5 /* TSTapstream.h */; settings = {ATTRIBUTES = (Public, ); }; };
		66C311781D36DCD60029ECE9 /* TSTapstream.m in Sources */ = {isa = PBXBuildFile; fileRef = 6623D2A11D136D3A00B72EA5 /* TSTapstream.m */; };
		66C3117B1D36DCD60029ECE9 /* TSURLBuilder.h in Headers */ = {isa = PBXBuildFile; fileRef = 6623D2A41D136D3A00B72EA5 /* TSURLBuilder.h */; settings = {ATTRIBUTES = (Public, ); }; };
		66C3117C1D36DCD60029ECE9 /* TSURLBuilder.m in Sources */ = {isa = PBXBuildFile; fileRef = 6623D2A51D136D3A00B72EA5 /* TSURLBuilder.m */; };
		66C3117D1D36DCD60029ECE9 /* TSURLEncoder.h in Headers */ = {isa = PBXBuildFile; fileRef = 6623D2A61D136D3A00B72EA5 /* TSURLEncoder.h */; settings = {ATTRIBUTES = (Public, ); }; };
		66C3117E1D36DCD60029ECE9 /* TSURLEncoder.m in Sources */ = {isa = PBXBuildFile; fileRef = 6623D2A71D136D3A00B72EA5 /* TSURLEncoder.m */; };
		66C842B51D249D5500DA04CD /* TestRequestData.m in Sources */ = {isa = PBXBuildFile; fileRef = 66C842B41D249D5500DA04CD /* TestRequestData.m */; };
		66DBC9511D06155900759F80 /* TSTestPersistentStorage.m in Sources */ = {isa = PBXBuildFile; fileRef = 66DBC9501D06155900759F80 /* TSTestPersistentStorage.m */; };
		66EA910C1DB02A1100D4D8D5 /* TSTimelineSummaryResponse.h in Headers */ = {isa = PBXBuildFile; fileRef = 66EA910B1DB02A1100D4D8D5 /* TSTimelineSummaryResponse.h */; settings = {ATTRIBUTES = (Public, ); }; };
		66EA910F1DB02A9D00D4D8D5 /* TSTimelineSummaryResponse.m in Sources */ = {isa = PBXBuildFile; fileRef = 66EA910E1DB02A9D00D4D8D5 /* TSTimelineSummaryResponse.m */; };
		66EA91121DB02DA100D4D8D5 /* TSMaybeError.h in Headers */ = {isa = PBXBuildFile; fileRef = 66EA91111DB02DA100D4D8D5 /* TSMaybeError.h */; settings = {ATTRIBUTES = (Public, ); }; };
		66EA91151DB02E4600D4D8D5 /* TSMaybeError.m in Sources */ = {isa = PBXBuildFile; fileRef = 66EA91141DB02E4600D4D8D5 /* TSMaybeError.m */; };
		66EA911A1DB0333B00D4D8D5 /* TestDeeplinkApiResponse.m in Sources */ = {isa = PBXBuildFile; fileRef = 66EA91171DB032F800D4D8D5 /* TestDeeplinkApiResponse.m */; };
		66F2F2251DA2DF0D00C744D6 /* TSHttpClient.h in Headers */ = {isa = PBXBuildFile; fileRef = 66F2F2241DA2DF0D00C744D6 /* TSHttpClient.h */; settings = {ATTRIBUTES = (Public, ); }; };
		6FEC31E5C83404011116D09F /* libPods-TapstreamIOS.a in Frameworks */ = {isa = PBXBuildFile; fileRef = 528B3F22F6A53B3143B8FC24 /* libPods-TapstreamIOS.a */; };
		821E75F226C0986E001C8A5F /* WebKit.framework in Frameworks */ = {isa = PBXBuildFile; fileRef = 821E75F126C0986E001C8A5F /* WebKit.framework */; };
		CC9640D5DE91DF34CB8B004E /* libPods-TapstreamIOS-TapstreamIOSTests.a in Frameworks */ = {isa = PBXBuildFile; fileRef = 07967DF2785AE7596DABB1C7 /* libPods-TapstreamIOS-TapstreamIOSTests.a */; };
/* End PBXBuildFile section */

/* Begin PBXContainerItemProxy section */
		666C19C31CE65CA9004806D9 /* PBXContainerItemProxy */ = {
			isa = PBXContainerItemProxy;
			containerPortal = 666C19AE1CE65CA9004806D9 /* Project object */;
			proxyType = 1;
			remoteGlobalIDString = 666C19B61CE65CA9004806D9;
			remoteInfo = "tapstream-sdk-ios";
		};
/* End PBXContainerItemProxy section */

/* Begin PBXFileReference section */
		07967DF2785AE7596DABB1C7 /* libPods-TapstreamIOS-TapstreamIOSTests.a */ = {isa = PBXFileReference; explicitFileType = archive.ar; includeInIndex = 0; path = "libPods-TapstreamIOS-TapstreamIOSTests.a"; sourceTree = BUILT_PRODUCTS_DIR; };
		498A1375C8B2471F144D97F5 /* Pods-TapstreamIOS-TapstreamIOSTests.release.xcconfig */ = {isa = PBXFileReference; includeInIndex = 1; lastKnownFileType = text.xcconfig; name = "Pods-TapstreamIOS-TapstreamIOSTests.release.xcconfig"; path = "Pods/Target Support Files/Pods-TapstreamIOS-TapstreamIOSTests/Pods-TapstreamIOS-TapstreamIOSTests.release.xcconfig"; sourceTree = "<group>"; };
		528B3F22F6A53B3143B8FC24 /* libPods-TapstreamIOS.a */ = {isa = PBXFileReference; explicitFileType = archive.ar; includeInIndex = 0; path = "libPods-TapstreamIOS.a"; sourceTree = BUILT_PRODUCTS_DIR; };
		660498D01D00CEAC003DA374 /* TestLanderStrategy.m */ = {isa = PBXFileReference; fileEncoding = 4; lastKnownFileType = sourcecode.c.objc; path = TestLanderStrategy.m; sourceTree = "<group>"; };
		660498E81D020DB5003DA374 /* TestURLBuilder.m */ = {isa = PBXFileReference; fileEncoding = 4; lastKnownFileType = sourcecode.c.objc; path = TestURLBuilder.m; sourceTree = "<group>"; };
		660FD8481D301E5D00A05527 /* TestWordOfMouthController.m */ = {isa = PBXFileReference; fileEncoding = 4; lastKnownFileType = sourcecode.c.objc; path = TestWordOfMouthController.m; sourceTree = "<group>"; };
		6614D1AD1D48228D001C88AB /* TSDefaultLanderStrategy.h */ = {isa = PBXFileReference; fileEncoding = 4; lastKnownFileType = sourcecode.c.h; path = TSDefaultLanderStrategy.h; sourceTree = "<group>"; };
		6614D1AE1D48228D001C88AB /* TSDefaultLanderStrategy.m */ = {isa = PBXFileReference; fileEncoding = 4; lastKnownFileType = sourcecode.c.objc; path = TSDefaultLanderStrategy.m; sourceTree = "<group>"; };
		6614D1AF1D48228D001C88AB /* TSLander.h */ = {isa = PBXFileReference; fileEncoding = 4; lastKnownFileType = sourcecode.c.h; path = TSLander.h; sourceTree = "<group>"; };
		6614D1B01D48228D001C88AB /* TSLander.m */ = {isa = PBXFileReference; fileEncoding = 4; lastKnownFileType = sourcecode.c.objc; path = TSLander.m; sourceTree = "<group>"; };
		6614D1B11D48228D001C88AB /* TSLanderController.h */ = {isa = PBXFileReference; fileEncoding = 4; lastKnownFileType = sourcecode.c.h; path = TSLanderController.h; sourceTree = "<group>"; };
		6614D1B21D48228D001C88AB /* TSLanderController.m */ = {isa = PBXFileReference; fileEncoding = 4; lastKnownFileType = sourcecode.c.objc; path = TSLanderController.m; sourceTree = "<group>"; };
		6614D1B31D48228D001C88AB /* TSLanderDelegate.h */ = {isa = PBXFileReference; fileEncoding = 4; lastKnownFileType = sourcecode.c.h; path = TSLanderDelegate.h; sourceTree = "<group>"; };
		6614D1B41D48228D001C88AB /* TSLanderDelegateWrapper.h */ = {isa = PBXFileReference; fileEncoding = 4; lastKnownFileType = sourcecode.c.h; path = TSLanderDelegateWrapper.h; sourceTree = "<group>"; };
		6614D1B51D48228D001C88AB /* TSLanderDelegateWrapper.m */ = {isa = PBXFileReference; fileEncoding = 4; lastKnownFileType = sourcecode.c.objc; path = TSLanderDelegateWrapper.m; sourceTree = "<group>"; };
		6614D1B61D48228D001C88AB /* TSLanderStrategy.h */ = {isa = PBXFileReference; fileEncoding = 4; lastKnownFileType = sourcecode.c.h; path = TSLanderStrategy.h; sourceTree = "<group>"; };
		6614D1B71D48228D001C88AB /* TSLanderView.xib */ = {isa = PBXFileReference; fileEncoding = 4; lastKnownFileType = file.xib; path = TSLanderView.xib; sourceTree = "<group>"; };
		661510171D079D6F00B298B7 /* TestEvent.m */ = {isa = PBXFileReference; fileEncoding = 4; lastKnownFileType = sourcecode.c.objc; path = TestEvent.m; sourceTree = "<group>"; };
		662077AB1D63E6D300355F81 /* TestShowLanderDelegate.m */ = {isa = PBXFileReference; fileEncoding = 4; lastKnownFileType = sourcecode.c.objc; path = TestShowLanderDelegate.m; sourceTree = "<group>"; };
		662077AE1D63E89C00355F81 /* TSTestUtils.h */ = {isa = PBXFileReference; fileEncoding = 4; lastKnownFileType = sourcecode.c.h; path = TSTestUtils.h; sourceTree = "<group>"; };
		662077AF1D63E8E000355F81 /* TSTestUtils.m */ = {isa = PBXFileReference; fileEncoding = 4; lastKnownFileType = sourcecode.c.objc; path = TSTestUtils.m; sourceTree = "<group>"; };
		662077B11D63E98000355F81 /* TestUniversalLinkDelegate.m */ = {isa = PBXFileReference; fileEncoding = 4; lastKnownFileType = sourcecode.c.objc; path = TestUniversalLinkDelegate.m; sourceTree = "<group>"; };
		662077B41D63EAB300355F81 /* TestTimelineLookupDelegate.m */ = {isa = PBXFileReference; fileEncoding = 4; lastKnownFileType = sourcecode.c.objc; path = TestTimelineLookupDelegate.m; sourceTree = "<group>"; };
		662077B61D63ECD100355F81 /* TestIOSStartupDelegate.m */ = {isa = PBXFileReference; fileEncoding = 4; lastKnownFileType = sourcecode.c.objc; path = TestIOSStartupDelegate.m; sourceTree = "<group>"; };
		662077BA1D63F32200355F81 /* TestIOSFireEventDelegate.m */ = {isa = PBXFileReference; fileEncoding = 4; lastKnownFileType = sourcecode.c.objc; path = TestIOSFireEventDelegate.m; sourceTree = "<group>"; };
		662077BC1D63F51300355F81 /* TSStartupDelegate.m */ = {isa = PBXFileReference; fileEncoding = 4; lastKnownFileType = sourcecode.c.objc; path = TSStartupDelegate.m; sourceTree = "<group>"; };
		662077BF1D64020100355F81 /* TestDefaultStartupDelegate.m */ = {isa = PBXFileReference; fileEncoding = 4; lastKnownFileType = sourcecode.c.objc; path = TestDefaultStartupDelegate.m; sourceTree = "<group>"; };
		662077C51D64D2EE00355F81 /* TSFireEventDelegate.m */ = {isa = PBXFileReference; fileEncoding = 4; lastKnownFileType = sourcecode.c.objc; path = TSFireEventDelegate.m; sourceTree = "<group>"; };
		662077C81D64E79200355F81 /* TestFireEventDelegate.m */ = {isa = PBXFileReference; fileEncoding = 4; lastKnownFileType = sourcecode.c.objc; path = TestFireEventDelegate.m; sourceTree = "<group>"; };
		66207A991D0B7547001DB3B5 /* TestConversionQueryResponse.m */ = {isa = PBXFileReference; fileEncoding = 4; lastKnownFileType = sourcecode.c.objc; path = TestConversionQueryResponse.m; sourceTree = "<group>"; };
		6623D26D1D136D3A00B72EA5 /* TSApi.h */ = {isa = PBXFileReference; fileEncoding = 4; lastKnownFileType = sourcecode.c.h; path = TSApi.h; sourceTree = "<group>"; };
		6623D26E1D136D3A00B72EA5 /* TSAppEventSource.h */ = {isa = PBXFileReference; fileEncoding = 4; lastKnownFileType = sourcecode.c.h; path = TSAppEventSource.h; sourceTree = "<group>"; };
		6623D26F1D136D3A00B72EA5 /* TSConfig.h */ = {isa = PBXFileReference; fileEncoding = 4; lastKnownFileType = sourcecode.c.h; path = TSConfig.h; sourceTree = "<group>"; };
		6623D2701D136D3A00B72EA5 /* TSConfig.m */ = {isa = PBXFileReference; fileEncoding = 4; lastKnownFileType = sourcecode.c.objc; path = TSConfig.m; sourceTree = "<group>"; };
		6623D2711D136D3A00B72EA5 /* TSTimelineApiResponse.h */ = {isa = PBXFileReference; fileEncoding = 4; lastKnownFileType = sourcecode.c.h; path = TSTimelineApiResponse.h; sourceTree = "<group>"; };
		6623D2721D136D3A00B72EA5 /* TSTimelineApiResponse.m */ = {isa = PBXFileReference; fileEncoding = 4; lastKnownFileType = sourcecode.c.objc; path = TSTimelineApiResponse.m; sourceTree = "<group>"; };
		6623D2741D136D3A00B72EA5 /* TSCoreListener.h */ = {isa = PBXFileReference; fileEncoding = 4; lastKnownFileType = sourcecode.c.h; path = TSCoreListener.h; sourceTree = "<group>"; };
		6623D2751D136D3A00B72EA5 /* TSDefaultAppEventSource.h */ = {isa = PBXFileReference; fileEncoding = 4; lastKnownFileType = sourcecode.c.h; path = TSDefaultAppEventSource.h; sourceTree = "<group>"; };
		6623D2761D136D3A00B72EA5 /* TSDefaultAppEventSource.m */ = {isa = PBXFileReference; fileEncoding = 4; lastKnownFileType = sourcecode.c.objc; path = TSDefaultAppEventSource.m; sourceTree = "<group>"; };
		6623D2791D136D3A00B72EA5 /* TSDefaultCoreListener.h */ = {isa = PBXFileReference; fileEncoding = 4; lastKnownFileType = sourcecode.c.h; path = TSDefaultCoreListener.h; sourceTree = "<group>"; };
		6623D27A1D136D3A00B72EA5 /* TSDefaultCoreListener.m */ = {isa = PBXFileReference; fileEncoding = 4; lastKnownFileType = sourcecode.c.objc; path = TSDefaultCoreListener.m; sourceTree = "<group>"; };
		6623D27B1D136D3A00B72EA5 /* TSDefaultFireEventStrategy.h */ = {isa = PBXFileReference; fileEncoding = 4; lastKnownFileType = sourcecode.c.h; path = TSDefaultFireEventStrategy.h; sourceTree = "<group>"; };
		6623D27C1D136D3A00B72EA5 /* TSDefaultFireEventStrategy.m */ = {isa = PBXFileReference; fileEncoding = 4; lastKnownFileType = sourcecode.c.objc; path = TSDefaultFireEventStrategy.m; sourceTree = "<group>"; };
		6623D27D1D136D3A00B72EA5 /* TSDefaultHttpClient.h */ = {isa = PBXFileReference; fileEncoding = 4; lastKnownFileType = sourcecode.c.h; path = TSDefaultHttpClient.h; sourceTree = "<group>"; };
		6623D27E1D136D3A00B72EA5 /* TSDefaultHttpClient.m */ = {isa = PBXFileReference; fileEncoding = 4; lastKnownFileType = sourcecode.c.objc; path = TSDefaultHttpClient.m; sourceTree = "<group>"; };
		6623D2811D136D3A00B72EA5 /* TSDefaultPersistentStorage.h */ = {isa = PBXFileReference; fileEncoding = 4; lastKnownFileType = sourcecode.c.h; path = TSDefaultPersistentStorage.h; sourceTree = "<group>"; };
		6623D2821D136D3A00B72EA5 /* TSDefaultPersistentStorage.m */ = {isa = PBXFileReference; fileEncoding = 4; lastKnownFileType = sourcecode.c.objc; path = TSDefaultPersistentStorage.m; sourceTree = "<group>"; };
		6623D2831D136D3A00B72EA5 /* TSDefaultPlatform.h */ = {isa = PBXFileReference; fileEncoding = 4; lastKnownFileType = sourcecode.c.h; path = TSDefaultPlatform.h; sourceTree = "<group>"; };
		6623D2841D136D3A00B72EA5 /* TSDefaultPlatform.m */ = {isa = PBXFileReference; fileEncoding = 4; lastKnownFileType = sourcecode.c.objc; path = TSDefaultPlatform.m; sourceTree = "<group>"; };
		6623D2861D136D3A00B72EA5 /* TSError.h */ = {isa = PBXFileReference; fileEncoding = 4; lastKnownFileType = sourcecode.c.h; path = TSError.h; sourceTree = "<group>"; };
		6623D2871D136D3A00B72EA5 /* TSError.m */ = {isa = PBXFileReference; fileEncoding = 4; lastKnownFileType = sourcecode.c.objc; path = TSError.m; sourceTree = "<group>"; };
		6623D2881D136D3A00B72EA5 /* TSEvent.h */ = {isa = PBXFileReference; fileEncoding = 4; lastKnownFileType = sourcecode.c.h; path = TSEvent.h; sourceTree = "<group>"; };
		6623D2891D136D3A00B72EA5 /* TSEvent.m */ = {isa = PBXFileReference; fileEncoding = 4; lastKnownFileType = sourcecode.c.objc; path = TSEvent.m; sourceTree = "<group>"; };
		6623D28A1D136D3A00B72EA5 /* TSFireEventStrategy.h */ = {isa = PBXFileReference; fileEncoding = 4; lastKnownFileType = sourcecode.c.h; path = TSFireEventStrategy.h; sourceTree = "<group>"; };
		6623D2951D136D3A00B72EA5 /* TSLogging.h */ = {isa = PBXFileReference; fileEncoding = 4; lastKnownFileType = sourcecode.c.h; path = TSLogging.h; sourceTree = "<group>"; };
		6623D2961D136D3A00B72EA5 /* TSLogging.m */ = {isa = PBXFileReference; fileEncoding = 4; lastKnownFileType = sourcecode.c.objc; path = TSLogging.m; sourceTree = "<group>"; };
		6623D2971D136D3A00B72EA5 /* TSLogLevel.h */ = {isa = PBXFileReference; fileEncoding = 4; lastKnownFileType = sourcecode.c.h; path = TSLogLevel.h; sourceTree = "<group>"; };
		6623D2981D136D3A00B72EA5 /* TSPersistentStorage.h */ = {isa = PBXFileReference; fileEncoding = 4; lastKnownFileType = sourcecode.c.h; path = TSPersistentStorage.h; sourceTree = "<group>"; };
		6623D2991D136D3A00B72EA5 /* TSPlatform.h */ = {isa = PBXFileReference; fileEncoding = 4; lastKnownFileType = sourcecode.c.h; path = TSPlatform.h; sourceTree = "<group>"; };
		6623D29A1D136D3A00B72EA5 /* TSRequestData.h */ = {isa = PBXFileReference; fileEncoding = 4; lastKnownFileType = sourcecode.c.h; path = TSRequestData.h; sourceTree = "<group>"; };
		6623D29B1D136D3A00B72EA5 /* TSRequestData.m */ = {isa = PBXFileReference; fileEncoding = 4; lastKnownFileType = sourcecode.c.objc; path = TSRequestData.m; sourceTree = "<group>"; };
		6623D29C1D136D3A00B72EA5 /* TSResponse.h */ = {isa = PBXFileReference; fileEncoding = 4; lastKnownFileType = sourcecode.c.h; path = TSResponse.h; sourceTree = "<group>"; };
		6623D29D1D136D3A00B72EA5 /* TSResponse.m */ = {isa = PBXFileReference; fileEncoding = 4; lastKnownFileType = sourcecode.c.objc; path = TSResponse.m; sourceTree = "<group>"; };
		6623D2A01D136D3A00B72EA5 /* TSTapstream.h */ = {isa = PBXFileReference; fileEncoding = 4; lastKnownFileType = sourcecode.c.h; path = TSTapstream.h; sourceTree = "<group>"; };
		6623D2A11D136D3A00B72EA5 /* TSTapstream.m */ = {isa = PBXFileReference; fileEncoding = 4; lastKnownFileType = sourcecode.c.objc; path = TSTapstream.m; sourceTree = "<group>"; };
		6623D2A41D136D3A00B72EA5 /* TSURLBuilder.h */ = {isa = PBXFileReference; fileEncoding = 4; lastKnownFileType = sourcecode.c.h; path = TSURLBuilder.h; sourceTree = "<group>"; };
		6623D2A51D136D3A00B72EA5 /* TSURLBuilder.m */ = {isa = PBXFileReference; fileEncoding = 4; lastKnownFileType = sourcecode.c.objc; path = TSURLBuilder.m; sourceTree = "<group>"; };
		6623D2A61D136D3A00B72EA5 /* TSURLEncoder.h */ = {isa = PBXFileReference; fileEncoding = 4; lastKnownFileType = sourcecode.c.h; path = TSURLEncoder.h; sourceTree = "<group>"; };
		6623D2A71D136D3A00B72EA5 /* TSURLEncoder.m */ = {isa = PBXFileReference; fileEncoding = 4; lastKnownFileType = sourcecode.c.objc; path = TSURLEncoder.m; sourceTree = "<group>"; };
		6624C05E1DA31AC900FF5AAC /* TestTapstream.m */ = {isa = PBXFileReference; fileEncoding = 4; lastKnownFileType = sourcecode.c.objc; path = TestTapstream.m; sourceTree = "<group>"; };
		6624C0631DA323FE00FF5AAC /* TSInAppLanders.h */ = {isa = PBXFileReference; lastKnownFileType = sourcecode.c.h; path = TSInAppLanders.h; sourceTree = "<group>"; };
		6624C0BB1DA325D100FF5AAC /* TSIOSShowLanderDelegate.h */ = {isa = PBXFileReference; fileEncoding = 4; lastKnownFileType = sourcecode.c.h; path = TSIOSShowLanderDelegate.h; sourceTree = "<group>"; };
		6624C0BC1DA325D100FF5AAC /* TSIOSShowLanderDelegate.m */ = {isa = PBXFileReference; fileEncoding = 4; lastKnownFileType = sourcecode.c.objc; path = TSIOSShowLanderDelegate.m; sourceTree = "<group>"; };
		6624C0BF1DA3266000FF5AAC /* TSWordOfMouthDelegate.h */ = {isa = PBXFileReference; fileEncoding = 4; lastKnownFileType = sourcecode.c.h; name = TSWordOfMouthDelegate.h; path = "word-of-mouth/TSWordOfMouthDelegate.h"; sourceTree = "<group>"; };
		6624C0E81DA591C900FF5AAC /* TSWordOfMouth.h */ = {isa = PBXFileReference; fileEncoding = 4; lastKnownFileType = sourcecode.c.h; name = TSWordOfMouth.h; path = "word-of-mouth/TSWordOfMouth.h"; sourceTree = "<group>"; };
		6624C0EB1DA6E05C00FF5AAC /* TapstreamIOS.h */ = {isa = PBXFileReference; fileEncoding = 4; lastKnownFileType = sourcecode.c.h; path = TapstreamIOS.h; sourceTree = "<group>"; };
		6624C0EC1DA6E05C00FF5AAC /* TSIOSFireEventDelegate.h */ = {isa = PBXFileReference; fileEncoding = 4; lastKnownFileType = sourcecode.c.h; path = TSIOSFireEventDelegate.h; sourceTree = "<group>"; };
		6624C0ED1DA6E05C00FF5AAC /* TSIOSFireEventDelegate.m */ = {isa = PBXFileReference; fileEncoding = 4; lastKnownFileType = sourcecode.c.objc; path = TSIOSFireEventDelegate.m; sourceTree = "<group>"; };
		6624C0EE1DA6E05C00FF5AAC /* TSIOSStartupDelegate.h */ = {isa = PBXFileReference; fileEncoding = 4; lastKnownFileType = sourcecode.c.h; path = TSIOSStartupDelegate.h; sourceTree = "<group>"; };
		6624C0EF1DA6E05C00FF5AAC /* TSIOSStartupDelegate.m */ = {isa = PBXFileReference; fileEncoding = 4; lastKnownFileType = sourcecode.c.objc; path = TSIOSStartupDelegate.m; sourceTree = "<group>"; };
		6624C0F01DA6E05C00FF5AAC /* TSIOSUniversalLinkDelegate.h */ = {isa = PBXFileReference; fileEncoding = 4; lastKnownFileType = sourcecode.c.h; path = TSIOSUniversalLinkDelegate.h; sourceTree = "<group>"; };
		6624C0F11DA6E05C00FF5AAC /* TSIOSUniversalLinkDelegate.m */ = {isa = PBXFileReference; fileEncoding = 4; lastKnownFileType = sourcecode.c.objc; path = TSIOSUniversalLinkDelegate.m; sourceTree = "<group>"; };
		6624C0F21DA6E05C00FF5AAC /* TSShowLanderDelegate.h */ = {isa = PBXFileReference; fileEncoding = 4; lastKnownFileType = sourcecode.c.h; path = TSShowLanderDelegate.h; sourceTree = "<group>"; };
		6624C0F31DA6E05C00FF5AAC /* TSUniversalLinkApiResponse.h */ = {isa = PBXFileReference; fileEncoding = 4; lastKnownFileType = sourcecode.c.h; name = TSUniversalLinkApiResponse.h; path = "tapstream-sdk-ios/TSUniversalLinkApiResponse.h"; sourceTree = SOURCE_ROOT; };
		6624C0F41DA6E05C00FF5AAC /* TSUniversalLinkApiResponse.m */ = {isa = PBXFileReference; fileEncoding = 4; lastKnownFileType = sourcecode.c.objc; name = TSUniversalLinkApiResponse.m; path = "tapstream-sdk-ios/TSUniversalLinkApiResponse.m"; sourceTree = SOURCE_ROOT; };
		66519FE81D2B42D30002E7E7 /* TestURLEncoder.m */ = {isa = PBXFileReference; fileEncoding = 4; lastKnownFileType = sourcecode.c.objc; path = TestURLEncoder.m; sourceTree = "<group>"; };
		666C19B71CE65CA9004806D9 /* TapstreamIOS.framework */ = {isa = PBXFileReference; explicitFileType = wrapper.framework; includeInIndex = 0; path = TapstreamIOS.framework; sourceTree = BUILT_PRODUCTS_DIR; };
		666C19BC1CE65CA9004806D9 /* Info.plist */ = {isa = PBXFileReference; lastKnownFileType = text.plist.xml; path = Info.plist; sourceTree = "<group>"; };
		666C19C11CE65CA9004806D9 /* TapstreamIOSTests.xctest */ = {isa = PBXFileReference; explicitFileType = wrapper.cfbundle; includeInIndex = 0; path = TapstreamIOSTests.xctest; sourceTree = BUILT_PRODUCTS_DIR; };
		666C19C81CE65CA9004806D9 /* Info.plist */ = {isa = PBXFileReference; lastKnownFileType = text.plist.xml; path = Info.plist; sourceTree = "<group>"; };
		66837F431D5BDE6C00D01591 /* TSStartupDelegate.h */ = {isa = PBXFileReference; fileEncoding = 4; lastKnownFileType = sourcecode.c.h; path = TSStartupDelegate.h; sourceTree = "<group>"; };
		66837F4A1D5BE74000D01591 /* TSFireEventDelegate.h */ = {isa = PBXFileReference; lastKnownFileType = sourcecode.c.h; path = TSFireEventDelegate.h; sourceTree = "<group>"; };
		66837F4F1D5C01AB00D01591 /* TSTimelineLookupDelegate.h */ = {isa = PBXFileReference; fileEncoding = 4; lastKnownFileType = sourcecode.c.h; path = TSTimelineLookupDelegate.h; sourceTree = "<group>"; };
		66837F521D5C020500D01591 /* TSTimelineLookupDelegate.m */ = {isa = PBXFileReference; fileEncoding = 4; lastKnownFileType = sourcecode.c.objc; path = TSTimelineLookupDelegate.m; sourceTree = "<group>"; };
		66837F551D5C02E300D01591 /* TSDefs.h */ = {isa = PBXFileReference; fileEncoding = 4; lastKnownFileType = sourcecode.c.h; path = TSDefs.h; sourceTree = "<group>"; };
		66BFCF781D0A30D5004AF5EE /* TestFireEventStrategy.m */ = {isa = PBXFileReference; fileEncoding = 4; lastKnownFileType = sourcecode.c.objc; path = TestFireEventStrategy.m; sourceTree = "<group>"; };
		66C53D4C1D189F88005A3130 /* TSOffer.h */ = {isa = PBXFileReference; fileEncoding = 4; lastKnownFileType = sourcecode.c.h; name = TSOffer.h; path = "word-of-mouth/TSOffer.h"; sourceTree = "<group>"; };
		66C53D4D1D189F88005A3130 /* TSOffer.m */ = {isa = PBXFileReference; fileEncoding = 4; lastKnownFileType = sourcecode.c.objc; name = TSOffer.m; path = "word-of-mouth/TSOffer.m"; sourceTree = "<group>"; };
		66C53D4E1D189F88005A3130 /* TSOfferViewController.h */ = {isa = PBXFileReference; fileEncoding = 4; lastKnownFileType = sourcecode.c.h; name = TSOfferViewController.h; path = "word-of-mouth/TSOfferViewController.h"; sourceTree = "<group>"; };
		66C53D4F1D189F88005A3130 /* TSOfferViewController.m */ = {isa = PBXFileReference; fileEncoding = 4; lastKnownFileType = sourcecode.c.objc; name = TSOfferViewController.m; path = "word-of-mouth/TSOfferViewController.m"; sourceTree = "<group>"; };
		66C53D501D189F88005A3130 /* TSReward.h */ = {isa = PBXFileReference; fileEncoding = 4; lastKnownFileType = sourcecode.c.h; name = TSReward.h; path = "word-of-mouth/TSReward.h"; sourceTree = "<group>"; };
		66C53D511D189F88005A3130 /* TSReward.m */ = {isa = PBXFileReference; fileEncoding = 4; lastKnownFileType = sourcecode.c.objc; name = TSReward.m; path = "word-of-mouth/TSReward.m"; sourceTree = "<group>"; };
		66C53D521D189F88005A3130 /* TSWordOfMouthController.h */ = {isa = PBXFileReference; fileEncoding = 4; lastKnownFileType = sourcecode.c.h; name = TSWordOfMouthController.h; path = "word-of-mouth/TSWordOfMouthController.h"; sourceTree = "<group>"; };
		66C53D531D189F88005A3130 /* TSWordOfMouthController.m */ = {isa = PBXFileReference; fileEncoding = 4; lastKnownFileType = sourcecode.c.objc; name = TSWordOfMouthController.m; path = "word-of-mouth/TSWordOfMouthController.m"; sourceTree = "<group>"; };
		66C53D5C1D18A0D6005A3130 /* TSFallable.h */ = {isa = PBXFileReference; fileEncoding = 4; lastKnownFileType = sourcecode.c.h; path = TSFallable.h; sourceTree = "<group>"; };
		66C53D5E1D18A279005A3130 /* TSOfferApiResponse.h */ = {isa = PBXFileReference; fileEncoding = 4; lastKnownFileType = sourcecode.c.h; name = TSOfferApiResponse.h; path = "word-of-mouth/TSOfferApiResponse.h"; sourceTree = "<group>"; };
		66C53D601D18A2E0005A3130 /* TSOfferApiResponse.m */ = {isa = PBXFileReference; fileEncoding = 4; lastKnownFileType = sourcecode.c.objc; name = TSOfferApiResponse.m; path = "word-of-mouth/TSOfferApiResponse.m"; sourceTree = "<group>"; };
		66C53D621D18A3A0005A3130 /* TSRewardApiResponse.h */ = {isa = PBXFileReference; fileEncoding = 4; lastKnownFileType = sourcecode.c.h; name = TSRewardApiResponse.h; path = "word-of-mouth/TSRewardApiResponse.h"; sourceTree = "<group>"; };
		66C53D641D18C661005A3130 /* TSRewardApiResponse.m */ = {isa = PBXFileReference; fileEncoding = 4; lastKnownFileType = sourcecode.c.objc; name = TSRewardApiResponse.m; path = "word-of-mouth/TSRewardApiResponse.m"; sourceTree = "<group>"; };
		66C53D661D18CCB6005A3130 /* TSOfferStrategy.h */ = {isa = PBXFileReference; fileEncoding = 4; lastKnownFileType = sourcecode.c.h; name = TSOfferStrategy.h; path = "word-of-mouth/TSOfferStrategy.h"; sourceTree = "<group>"; };
		66C53D681D18CDA5005A3130 /* TSDefaultOfferStrategy.h */ = {isa = PBXFileReference; fileEncoding = 4; lastKnownFileType = sourcecode.c.h; name = TSDefaultOfferStrategy.h; path = "word-of-mouth/TSDefaultOfferStrategy.h"; sourceTree = "<group>"; };
		66C53D6A1D18CDE7005A3130 /* TSDefaultOfferStrategy.m */ = {isa = PBXFileReference; fileEncoding = 4; lastKnownFileType = sourcecode.c.objc; name = TSDefaultOfferStrategy.m; path = "word-of-mouth/TSDefaultOfferStrategy.m"; sourceTree = "<group>"; };
		66C53D6C1D1B268B005A3130 /* TSRewardStrategy.h */ = {isa = PBXFileReference; fileEncoding = 4; lastKnownFileType = sourcecode.c.h; name = TSRewardStrategy.h; path = "word-of-mouth/TSRewardStrategy.h"; sourceTree = "<group>"; };
		66C53D6E1D1B26F9005A3130 /* TSDefaultRewardStrategy.h */ = {isa = PBXFileReference; lastKnownFileType = sourcecode.c.h; name = TSDefaultRewardStrategy.h; path = "word-of-mouth/TSDefaultRewardStrategy.h"; sourceTree = "<group>"; };
		66C53D6F1D1B2776005A3130 /* TSDefaultRewardStrategy.m */ = {isa = PBXFileReference; fileEncoding = 4; lastKnownFileType = sourcecode.c.objc; name = TSDefaultRewardStrategy.m; path = "word-of-mouth/TSDefaultRewardStrategy.m"; sourceTree = "<group>"; };
		66C53D711D1C958F005A3130 /* TestRewardStrategy.m */ = {isa = PBXFileReference; fileEncoding = 4; lastKnownFileType = sourcecode.c.objc; path = TestRewardStrategy.m; sourceTree = "<group>"; };
		66C53D731D1C9BC0005A3130 /* TestOfferStrategy.m */ = {isa = PBXFileReference; fileEncoding = 4; lastKnownFileType = sourcecode.c.objc; path = TestOfferStrategy.m; sourceTree = "<group>"; };
		66C842B41D249D5500DA04CD /* TestRequestData.m */ = {isa = PBXFileReference; fileEncoding = 4; lastKnownFileType = sourcecode.c.objc; path = TestRequestData.m; sourceTree = "<group>"; };
		66D25DC31CEFC42C005BC94C /* TestUniversalLink.m */ = {isa = PBXFileReference; fileEncoding = 4; lastKnownFileType = sourcecode.c.objc; path = TestUniversalLink.m; sourceTree = "<group>"; };
		66DBC94F1D06151400759F80 /* TSTestPersistentStorage.h */ = {isa = PBXFileReference; fileEncoding = 4; lastKnownFileType = sourcecode.c.h; path = TSTestPersistentStorage.h; sourceTree = "<group>"; };
		66DBC9501D06155900759F80 /* TSTestPersistentStorage.m */ = {isa = PBXFileReference; fileEncoding = 4; lastKnownFileType = sourcecode.c.objc; path = TSTestPersistentStorage.m; sourceTree = "<group>"; };
		66DBC9541D061EAB00759F80 /* TestLander.m */ = {isa = PBXFileReference; fileEncoding = 4; lastKnownFileType = sourcecode.c.objc; path = TestLander.m; sourceTree = "<group>"; };
		66EA910B1DB02A1100D4D8D5 /* TSTimelineSummaryResponse.h */ = {isa = PBXFileReference; fileEncoding = 4; lastKnownFileType = sourcecode.c.h; path = TSTimelineSummaryResponse.h; sourceTree = "<group>"; };
		66EA910E1DB02A9D00D4D8D5 /* TSTimelineSummaryResponse.m */ = {isa = PBXFileReference; fileEncoding = 4; lastKnownFileType = sourcecode.c.objc; path = TSTimelineSummaryResponse.m; sourceTree = "<group>"; };
		66EA91111DB02DA100D4D8D5 /* TSMaybeError.h */ = {isa = PBXFileReference; fileEncoding = 4; lastKnownFileType = sourcecode.c.h; path = TSMaybeError.h; sourceTree = "<group>"; };
		66EA91141DB02E4600D4D8D5 /* TSMaybeError.m */ = {isa = PBXFileReference; fileEncoding = 4; lastKnownFileType = sourcecode.c.objc; path = TSMaybeError.m; sourceTree = "<group>"; };
		66EA91171DB032F800D4D8D5 /* TestDeeplinkApiResponse.m */ = {isa = PBXFileReference; fileEncoding = 4; lastKnownFileType = sourcecode.c.objc; path = TestDeeplinkApiResponse.m; sourceTree = "<group>"; };
		66F2F2241DA2DF0D00C744D6 /* TSHttpClient.h */ = {isa = PBXFileReference; fileEncoding = 4; lastKnownFileType = sourcecode.c.h; path = TSHttpClient.h; sourceTree = "<group>"; };
		821E75F126C0986E001C8A5F /* WebKit.framework */ = {isa = PBXFileReference; lastKnownFileType = wrapper.framework; name = WebKit.framework; path = Platforms/MacOSX.platform/Developer/SDKs/MacOSX11.3.sdk/System/iOSSupport/System/Library/Frameworks/WebKit.framework; sourceTree = DEVELOPER_DIR; };
		B6321C68A2CCB9B536C8707E /* Pods-TapstreamIOS.release.xcconfig */ = {isa = PBXFileReference; includeInIndex = 1; lastKnownFileType = text.xcconfig; name = "Pods-TapstreamIOS.release.xcconfig"; path = "Pods/Target Support Files/Pods-TapstreamIOS/Pods-TapstreamIOS.release.xcconfig"; sourceTree = "<group>"; };
		C91DBB379BAE7BD35C068BFD /* Pods-TapstreamIOS.debug.xcconfig */ = {isa = PBXFileReference; includeInIndex = 1; lastKnownFileType = text.xcconfig; name = "Pods-TapstreamIOS.debug.xcconfig"; path = "Pods/Target Support Files/Pods-TapstreamIOS/Pods-TapstreamIOS.debug.xcconfig"; sourceTree = "<group>"; };
		D5635CD2CDB07DA53D55735E /* Pods-TapstreamIOS-TapstreamIOSTests.debug.xcconfig */ = {isa = PBXFileReference; includeInIndex = 1; lastKnownFileType = text.xcconfig; name = "Pods-TapstreamIOS-TapstreamIOSTests.debug.xcconfig"; path = "Pods/Target Support Files/Pods-TapstreamIOS-TapstreamIOSTests/Pods-TapstreamIOS-TapstreamIOSTests.debug.xcconfig"; sourceTree = "<group>"; };
/* End PBXFileReference section */

/* Begin PBXFrameworksBuildPhase section */
		666C19B31CE65CA9004806D9 /* Frameworks */ = {
			isa = PBXFrameworksBuildPhase;
			buildActionMask = 2147483647;
			files = (
				6FEC31E5C83404011116D09F /* libPods-TapstreamIOS.a in Frameworks */,
			);
			runOnlyForDeploymentPostprocessing = 0;
		};
		666C19BE1CE65CA9004806D9 /* Frameworks */ = {
			isa = PBXFrameworksBuildPhase;
			buildActionMask = 2147483647;
			files = (
				821E75F226C0986E001C8A5F /* WebKit.framework in Frameworks */,
				666C19C21CE65CA9004806D9 /* TapstreamIOS.framework in Frameworks */,
				CC9640D5DE91DF34CB8B004E /* libPods-TapstreamIOS-TapstreamIOSTests.a in Frameworks */,
			);
			runOnlyForDeploymentPostprocessing = 0;
		};
/* End PBXFrameworksBuildPhase section */

/* Begin PBXGroup section */
		6614D1AC1D48228D001C88AB /* in-app-landers */ = {
			isa = PBXGroup;
			children = (
				6614D1AD1D48228D001C88AB /* TSDefaultLanderStrategy.h */,
				6614D1AE1D48228D001C88AB /* TSDefaultLanderStrategy.m */,
				6624C0631DA323FE00FF5AAC /* TSInAppLanders.h */,
				6624C0BB1DA325D100FF5AAC /* TSIOSShowLanderDelegate.h */,
				6624C0BC1DA325D100FF5AAC /* TSIOSShowLanderDelegate.m */,
				6614D1AF1D48228D001C88AB /* TSLander.h */,
				6614D1B01D48228D001C88AB /* TSLander.m */,
				6614D1B11D48228D001C88AB /* TSLanderController.h */,
				6614D1B21D48228D001C88AB /* TSLanderController.m */,
				6614D1B31D48228D001C88AB /* TSLanderDelegate.h */,
				6614D1B41D48228D001C88AB /* TSLanderDelegateWrapper.h */,
				6614D1B51D48228D001C88AB /* TSLanderDelegateWrapper.m */,
				6614D1B61D48228D001C88AB /* TSLanderStrategy.h */,
				6614D1B71D48228D001C88AB /* TSLanderView.xib */,
			);
			path = "in-app-landers";
			sourceTree = "<group>";
		};
		6614D1C31D4822A7001C88AB /* ios-only */ = {
			isa = PBXGroup;
			children = (
				6624C0EB1DA6E05C00FF5AAC /* TapstreamIOS.h */,
				6624C0EC1DA6E05C00FF5AAC /* TSIOSFireEventDelegate.h */,
				6624C0ED1DA6E05C00FF5AAC /* TSIOSFireEventDelegate.m */,
				6624C0EE1DA6E05C00FF5AAC /* TSIOSStartupDelegate.h */,
				6624C0EF1DA6E05C00FF5AAC /* TSIOSStartupDelegate.m */,
				6624C0F01DA6E05C00FF5AAC /* TSIOSUniversalLinkDelegate.h */,
				6624C0F11DA6E05C00FF5AAC /* TSIOSUniversalLinkDelegate.m */,
				6624C0F21DA6E05C00FF5AAC /* TSShowLanderDelegate.h */,
				6624C0F31DA6E05C00FF5AAC /* TSUniversalLinkApiResponse.h */,
				6624C0F41DA6E05C00FF5AAC /* TSUniversalLinkApiResponse.m */,
			);
			path = "ios-only";
			sourceTree = "<group>";
		};
		666C19AD1CE65CA9004806D9 = {
			isa = PBXGroup;
			children = (
				666C19B91CE65CA9004806D9 /* tapstream-sdk */,
				666C19C51CE65CA9004806D9 /* tapstream-sdk-ios-tests */,
				666C19B81CE65CA9004806D9 /* Products */,
				EE8A21ACFEEC6B136C19A283 /* Pods */,
				FF3DAC42A3E8022FE7EB99FA /* Frameworks */,
			);
			sourceTree = "<group>";
		};
		666C19B81CE65CA9004806D9 /* Products */ = {
			isa = PBXGroup;
			children = (
				666C19B71CE65CA9004806D9 /* TapstreamIOS.framework */,
				666C19C11CE65CA9004806D9 /* TapstreamIOSTests.xctest */,
			);
			name = Products;
			sourceTree = "<group>";
		};
		666C19B91CE65CA9004806D9 /* tapstream-sdk */ = {
			isa = PBXGroup;
			children = (
				6614D1C31D4822A7001C88AB /* ios-only */,
				6614D1AC1D48228D001C88AB /* in-app-landers */,
				66C53D4B1D189F51005A3130 /* word-of-mouth */,
				6623D26D1D136D3A00B72EA5 /* TSApi.h */,
				6623D26E1D136D3A00B72EA5 /* TSAppEventSource.h */,
				6623D26F1D136D3A00B72EA5 /* TSConfig.h */,
				6623D2701D136D3A00B72EA5 /* TSConfig.m */,
				6623D2711D136D3A00B72EA5 /* TSTimelineApiResponse.h */,
				6623D2721D136D3A00B72EA5 /* TSTimelineApiResponse.m */,
				6623D2741D136D3A00B72EA5 /* TSCoreListener.h */,
				66EA910B1DB02A1100D4D8D5 /* TSTimelineSummaryResponse.h */,
				66EA910E1DB02A9D00D4D8D5 /* TSTimelineSummaryResponse.m */,
				6623D2751D136D3A00B72EA5 /* TSDefaultAppEventSource.h */,
				6623D2761D136D3A00B72EA5 /* TSDefaultAppEventSource.m */,
				6623D2791D136D3A00B72EA5 /* TSDefaultCoreListener.h */,
				6623D27A1D136D3A00B72EA5 /* TSDefaultCoreListener.m */,
				6623D27B1D136D3A00B72EA5 /* TSDefaultFireEventStrategy.h */,
				6623D27C1D136D3A00B72EA5 /* TSDefaultFireEventStrategy.m */,
				6623D27D1D136D3A00B72EA5 /* TSDefaultHttpClient.h */,
				6623D27E1D136D3A00B72EA5 /* TSDefaultHttpClient.m */,
				6623D2811D136D3A00B72EA5 /* TSDefaultPersistentStorage.h */,
				6623D2821D136D3A00B72EA5 /* TSDefaultPersistentStorage.m */,
				6623D2831D136D3A00B72EA5 /* TSDefaultPlatform.h */,
				6623D2841D136D3A00B72EA5 /* TSDefaultPlatform.m */,
				66837F551D5C02E300D01591 /* TSDefs.h */,
				6623D2861D136D3A00B72EA5 /* TSError.h */,
				6623D2871D136D3A00B72EA5 /* TSError.m */,
				6623D2881D136D3A00B72EA5 /* TSEvent.h */,
				6623D2891D136D3A00B72EA5 /* TSEvent.m */,
				66C53D5C1D18A0D6005A3130 /* TSFallable.h */,
				66837F4A1D5BE74000D01591 /* TSFireEventDelegate.h */,
				662077C51D64D2EE00355F81 /* TSFireEventDelegate.m */,
				6623D28A1D136D3A00B72EA5 /* TSFireEventStrategy.h */,
				66F2F2241DA2DF0D00C744D6 /* TSHttpClient.h */,
				6623D2951D136D3A00B72EA5 /* TSLogging.h */,
				6623D2961D136D3A00B72EA5 /* TSLogging.m */,
				6623D2971D136D3A00B72EA5 /* TSLogLevel.h */,
				66EA91111DB02DA100D4D8D5 /* TSMaybeError.h */,
				66EA91141DB02E4600D4D8D5 /* TSMaybeError.m */,
				6623D2981D136D3A00B72EA5 /* TSPersistentStorage.h */,
				6623D2991D136D3A00B72EA5 /* TSPlatform.h */,
				6623D29A1D136D3A00B72EA5 /* TSRequestData.h */,
				6623D29B1D136D3A00B72EA5 /* TSRequestData.m */,
				6623D29C1D136D3A00B72EA5 /* TSResponse.h */,
				6623D29D1D136D3A00B72EA5 /* TSResponse.m */,
				66837F431D5BDE6C00D01591 /* TSStartupDelegate.h */,
				662077BC1D63F51300355F81 /* TSStartupDelegate.m */,
				6623D2A01D136D3A00B72EA5 /* TSTapstream.h */,
				6623D2A11D136D3A00B72EA5 /* TSTapstream.m */,
				66837F4F1D5C01AB00D01591 /* TSTimelineLookupDelegate.h */,
				66837F521D5C020500D01591 /* TSTimelineLookupDelegate.m */,
				6623D2A41D136D3A00B72EA5 /* TSURLBuilder.h */,
				6623D2A51D136D3A00B72EA5 /* TSURLBuilder.m */,
				6623D2A61D136D3A00B72EA5 /* TSURLEncoder.h */,
				6623D2A71D136D3A00B72EA5 /* TSURLEncoder.m */,
				666C19BC1CE65CA9004806D9 /* Info.plist */,
			);
			name = "tapstream-sdk";
			path = "tapstream-sdk-ios";
			sourceTree = "<group>";
		};
		666C19C51CE65CA9004806D9 /* tapstream-sdk-ios-tests */ = {
			isa = PBXGroup;
			children = (
				66FD8E721D39A318007405AB /* ios */,
				666C19C81CE65CA9004806D9 /* Info.plist */,
				66207A991D0B7547001DB3B5 /* TestConversionQueryResponse.m */,
				66EA91171DB032F800D4D8D5 /* TestDeeplinkApiResponse.m */,
				662077BF1D64020100355F81 /* TestDefaultStartupDelegate.m */,
				661510171D079D6F00B298B7 /* TestEvent.m */,
				662077C81D64E79200355F81 /* TestFireEventDelegate.m */,
				66BFCF781D0A30D5004AF5EE /* TestFireEventStrategy.m */,
				66C842B41D249D5500DA04CD /* TestRequestData.m */,
				662077B41D63EAB300355F81 /* TestTimelineLookupDelegate.m */,
				660498E81D020DB5003DA374 /* TestURLBuilder.m */,
				66519FE81D2B42D30002E7E7 /* TestURLEncoder.m */,
				66DBC94F1D06151400759F80 /* TSTestPersistentStorage.h */,
				66DBC9501D06155900759F80 /* TSTestPersistentStorage.m */,
				662077AE1D63E89C00355F81 /* TSTestUtils.h */,
				662077AF1D63E8E000355F81 /* TSTestUtils.m */,
			);
			path = "tapstream-sdk-ios-tests";
			sourceTree = "<group>";
		};
		66C53D4B1D189F51005A3130 /* word-of-mouth */ = {
			isa = PBXGroup;
			children = (
				6624C0E81DA591C900FF5AAC /* TSWordOfMouth.h */,
				66C53D681D18CDA5005A3130 /* TSDefaultOfferStrategy.h */,
				66C53D6A1D18CDE7005A3130 /* TSDefaultOfferStrategy.m */,
				66C53D6E1D1B26F9005A3130 /* TSDefaultRewardStrategy.h */,
				66C53D6F1D1B2776005A3130 /* TSDefaultRewardStrategy.m */,
				66C53D4C1D189F88005A3130 /* TSOffer.h */,
				66C53D4D1D189F88005A3130 /* TSOffer.m */,
				66C53D5E1D18A279005A3130 /* TSOfferApiResponse.h */,
				66C53D601D18A2E0005A3130 /* TSOfferApiResponse.m */,
				66C53D661D18CCB6005A3130 /* TSOfferStrategy.h */,
				66C53D4E1D189F88005A3130 /* TSOfferViewController.h */,
				66C53D4F1D189F88005A3130 /* TSOfferViewController.m */,
				66C53D501D189F88005A3130 /* TSReward.h */,
				66C53D511D189F88005A3130 /* TSReward.m */,
				66C53D621D18A3A0005A3130 /* TSRewardApiResponse.h */,
				66C53D641D18C661005A3130 /* TSRewardApiResponse.m */,
				66C53D6C1D1B268B005A3130 /* TSRewardStrategy.h */,
				66C53D521D189F88005A3130 /* TSWordOfMouthController.h */,
				66C53D531D189F88005A3130 /* TSWordOfMouthController.m */,
				6624C0BF1DA3266000FF5AAC /* TSWordOfMouthDelegate.h */,
			);
			name = "word-of-mouth";
			sourceTree = "<group>";
		};
		66FD8E721D39A318007405AB /* ios */ = {
			isa = PBXGroup;
			children = (
				662077B61D63ECD100355F81 /* TestIOSStartupDelegate.m */,
				662077BA1D63F32200355F81 /* TestIOSFireEventDelegate.m */,
				66DBC9541D061EAB00759F80 /* TestLander.m */,
				660498D01D00CEAC003DA374 /* TestLanderStrategy.m */,
				66C53D731D1C9BC0005A3130 /* TestOfferStrategy.m */,
				66C53D711D1C958F005A3130 /* TestRewardStrategy.m */,
				662077AB1D63E6D300355F81 /* TestShowLanderDelegate.m */,
				6624C05E1DA31AC900FF5AAC /* TestTapstream.m */,
				66D25DC31CEFC42C005BC94C /* TestUniversalLink.m */,
				662077B11D63E98000355F81 /* TestUniversalLinkDelegate.m */,
				660FD8481D301E5D00A05527 /* TestWordOfMouthController.m */,
			);
			name = ios;
			sourceTree = "<group>";
		};
		EE8A21ACFEEC6B136C19A283 /* Pods */ = {
			isa = PBXGroup;
			children = (
				C91DBB379BAE7BD35C068BFD /* Pods-TapstreamIOS.debug.xcconfig */,
				B6321C68A2CCB9B536C8707E /* Pods-TapstreamIOS.release.xcconfig */,
				D5635CD2CDB07DA53D55735E /* Pods-TapstreamIOS-TapstreamIOSTests.debug.xcconfig */,
				498A1375C8B2471F144D97F5 /* Pods-TapstreamIOS-TapstreamIOSTests.release.xcconfig */,
			);
			name = Pods;
			sourceTree = "<group>";
		};
		FF3DAC42A3E8022FE7EB99FA /* Frameworks */ = {
			isa = PBXGroup;
			children = (
				821E75F126C0986E001C8A5F /* WebKit.framework */,
				528B3F22F6A53B3143B8FC24 /* libPods-TapstreamIOS.a */,
				07967DF2785AE7596DABB1C7 /* libPods-TapstreamIOS-TapstreamIOSTests.a */,
			);
			name = Frameworks;
			sourceTree = "<group>";
		};
/* End PBXGroup section */

/* Begin PBXHeadersBuildPhase section */
		666C19B41CE65CA9004806D9 /* Headers */ = {
			isa = PBXHeadersBuildPhase;
			buildActionMask = 2147483647;
			files = (
				6624C0E31DA58E5000FF5AAC /* TSLanderDelegate.h in Headers */,
				66EA910C1DB02A1100D4D8D5 /* TSTimelineSummaryResponse.h in Headers */,
				66BA431C1DB59876006591B2 /* TapstreamIOS.h in Headers */,
				66C311611D36DCD60029ECE9 /* TSDefaultPersistentStorage.h in Headers */,
				66C311771D36DCD60029ECE9 /* TSTapstream.h in Headers */,
				66C311651D36DCD60029ECE9 /* TSError.h in Headers */,
				66837F501D5C01AB00D01591 /* TSTimelineLookupDelegate.h in Headers */,
				66BA431D1DB59876006591B2 /* TSIOSFireEventDelegate.h in Headers */,
				66C311711D36DCD60029ECE9 /* TSRequestData.h in Headers */,
				66EA91121DB02DA100D4D8D5 /* TSMaybeError.h in Headers */,
				6624C0CE1DA3268900FF5AAC /* TSReward.h in Headers */,
				6624C0D01DA3268900FF5AAC /* TSRewardApiResponse.h in Headers */,
				66C311541D36DCD60029ECE9 /* TSCoreListener.h in Headers */,
				66C3117D1D36DCD60029ECE9 /* TSURLEncoder.h in Headers */,
				66C311701D36DCD60029ECE9 /* TSPlatform.h in Headers */,
				6624C0C11DA3268900FF5AAC /* TSWordOfMouthDelegate.h in Headers */,
				66C311671D36DCD60029ECE9 /* TSEvent.h in Headers */,
				66C3114F1D36DCD60029ECE9 /* TSConfig.h in Headers */,
				6624C0E61DA58E5000FF5AAC /* TSLanderStrategy.h in Headers */,
				66C311511D36DCD60029ECE9 /* TSTimelineApiResponse.h in Headers */,
				6624C0C81DA3268900FF5AAC /* TSOfferApiResponse.h in Headers */,
				6624C0CC1DA3268900FF5AAC /* TSOfferViewController.h in Headers */,
				66C3114E1D36DCD60029ECE9 /* TSAppEventSource.h in Headers */,
				6624C0E11DA58E5000FF5AAC /* TSLanderController.h in Headers */,
				66C3116C1D36DCD60029ECE9 /* TSLogging.h in Headers */,
				66C311691D36DCD60029ECE9 /* TSFallable.h in Headers */,
				66C3114D1D36DCD60029ECE9 /* TSApi.h in Headers */,
				6624C0E41DA58E5000FF5AAC /* TSLanderDelegateWrapper.h in Headers */,
				669256E81DA6EEE800946429 /* TSResponse.h in Headers */,
				66C3116A1D36DCD60029ECE9 /* TSFireEventStrategy.h in Headers */,
				66C3116F1D36DCD60029ECE9 /* TSPersistentStorage.h in Headers */,
				66C3117B1D36DCD60029ECE9 /* TSURLBuilder.h in Headers */,
				66C3116E1D36DCD60029ECE9 /* TSLogLevel.h in Headers */,
				66BA43241DB59876006591B2 /* TSUniversalLinkApiResponse.h in Headers */,
				66837F561D5C02E300D01591 /* TSDefs.h in Headers */,
				6624C0DC1DA58E5000FF5AAC /* TSInAppLanders.h in Headers */,
				6624C0C41DA3268900FF5AAC /* TSDefaultRewardStrategy.h in Headers */,
				6624C0E91DA591C900FF5AAC /* TSWordOfMouth.h in Headers */,
				66F2F2251DA2DF0D00C744D6 /* TSHttpClient.h in Headers */,
				66C311591D36DCD60029ECE9 /* TSDefaultCoreListener.h in Headers */,
				66BA43291DB598C2006591B2 /* TSFireEventDelegate.h in Headers */,
				6624C0CA1DA3268900FF5AAC /* TSOfferStrategy.h in Headers */,
				66BA43211DB59876006591B2 /* TSIOSUniversalLinkDelegate.h in Headers */,
				6624C0DD1DA58E5000FF5AAC /* TSIOSShowLanderDelegate.h in Headers */,
				66C3115D1D36DCD60029ECE9 /* TSDefaultHttpClient.h in Headers */,
				66BA431F1DB59876006591B2 /* TSIOSStartupDelegate.h in Headers */,
				6624C0DA1DA58E5000FF5AAC /* TSDefaultLanderStrategy.h in Headers */,
				6624C0C21DA3268900FF5AAC /* TSDefaultOfferStrategy.h in Headers */,
				66C311631D36DCD60029ECE9 /* TSDefaultPlatform.h in Headers */,
				66837F441D5BDE6C00D01591 /* TSStartupDelegate.h in Headers */,
				66BA43231DB59876006591B2 /* TSShowLanderDelegate.h in Headers */,
				6624C0D31DA3268900FF5AAC /* TSWordOfMouthController.h in Headers */,
				66C3115B1D36DCD60029ECE9 /* TSDefaultFireEventStrategy.h in Headers */,
				6624C0C61DA3268900FF5AAC /* TSOffer.h in Headers */,
				66C311551D36DCD60029ECE9 /* TSDefaultAppEventSource.h in Headers */,
				6624C0D21DA3268900FF5AAC /* TSRewardStrategy.h in Headers */,
				6624C0DF1DA58E5000FF5AAC /* TSLander.h in Headers */,
			);
			runOnlyForDeploymentPostprocessing = 0;
		};
/* End PBXHeadersBuildPhase section */

/* Begin PBXNativeTarget section */
		666C19B61CE65CA9004806D9 /* TapstreamIOS */ = {
			isa = PBXNativeTarget;
			buildConfigurationList = 666C19CB1CE65CA9004806D9 /* Build configuration list for PBXNativeTarget "TapstreamIOS" */;
			buildPhases = (
				86B2E1E3DE92758DD12E5AAF /* [CP] Check Pods Manifest.lock */,
				666C19B21CE65CA9004806D9 /* Sources */,
				666C19B31CE65CA9004806D9 /* Frameworks */,
				666C19B41CE65CA9004806D9 /* Headers */,
				666C19B51CE65CA9004806D9 /* Resources */,
			);
			buildRules = (
			);
			dependencies = (
			);
			name = TapstreamIOS;
			productName = "tapstream-sdk-ios";
			productReference = 666C19B71CE65CA9004806D9 /* TapstreamIOS.framework */;
			productType = "com.apple.product-type.framework";
		};
		666C19C01CE65CA9004806D9 /* TapstreamIOSTests */ = {
			isa = PBXNativeTarget;
			buildConfigurationList = 666C19CE1CE65CA9004806D9 /* Build configuration list for PBXNativeTarget "TapstreamIOSTests" */;
			buildPhases = (
				0113CBDB0AAE75C5937CE45B /* [CP] Check Pods Manifest.lock */,
				666C19BD1CE65CA9004806D9 /* Sources */,
				666C19BE1CE65CA9004806D9 /* Frameworks */,
				666C19BF1CE65CA9004806D9 /* Resources */,
			);
			buildRules = (
			);
			dependencies = (
				666C19C41CE65CA9004806D9 /* PBXTargetDependency */,
			);
			name = TapstreamIOSTests;
			productName = "tapstream-sdk-iosTests";
			productReference = 666C19C11CE65CA9004806D9 /* TapstreamIOSTests.xctest */;
			productType = "com.apple.product-type.bundle.unit-test";
		};
/* End PBXNativeTarget section */

/* Begin PBXProject section */
		666C19AE1CE65CA9004806D9 /* Project object */ = {
			isa = PBXProject;
			attributes = {
				LastSwiftUpdateCheck = 0800;
				LastUpgradeCheck = 1240;
				ORGANIZATIONNAME = "Adam Bard";
				TargetAttributes = {
					666C19B61CE65CA9004806D9 = {
						CreatedOnToolsVersion = 7.3.1;
						DevelopmentTeam = 9SC764U3NB;
						DevelopmentTeamName = "Adam Bard (Personal Team)";
						ProvisioningStyle = Automatic;
					};
					666C19C01CE65CA9004806D9 = {
						CreatedOnToolsVersion = 7.3.1;
						DevelopmentTeam = 9SC764U3NB;
						DevelopmentTeamName = "Adam Bard (Personal Team)";
						ProvisioningStyle = Automatic;
					};
				};
			};
			buildConfigurationList = 666C19B11CE65CA9004806D9 /* Build configuration list for PBXProject "tapstream-sdk-ios" */;
			compatibilityVersion = "Xcode 3.2";
			developmentRegion = en;
			hasScannedForEncodings = 0;
			knownRegions = (
				en,
				Base,
			);
			mainGroup = 666C19AD1CE65CA9004806D9;
			productRefGroup = 666C19B81CE65CA9004806D9 /* Products */;
			projectDirPath = "";
			projectRoot = "";
			targets = (
				666C19B61CE65CA9004806D9 /* TapstreamIOS */,
				666C19C01CE65CA9004806D9 /* TapstreamIOSTests */,
			);
		};
/* End PBXProject section */

/* Begin PBXResourcesBuildPhase section */
		666C19B51CE65CA9004806D9 /* Resources */ = {
			isa = PBXResourcesBuildPhase;
			buildActionMask = 2147483647;
			files = (
				6624C0E71DA58E5000FF5AAC /* TSLanderView.xib in Resources */,
			);
			runOnlyForDeploymentPostprocessing = 0;
		};
		666C19BF1CE65CA9004806D9 /* Resources */ = {
			isa = PBXResourcesBuildPhase;
			buildActionMask = 2147483647;
			files = (
			);
			runOnlyForDeploymentPostprocessing = 0;
		};
/* End PBXResourcesBuildPhase section */

/* Begin PBXShellScriptBuildPhase section */
		0113CBDB0AAE75C5937CE45B /* [CP] Check Pods Manifest.lock */ = {
			isa = PBXShellScriptBuildPhase;
			buildActionMask = 2147483647;
			files = (
			);
			inputPaths = (
				"${PODS_PODFILE_DIR_PATH}/Podfile.lock",
				"${PODS_ROOT}/Manifest.lock",
			);
			name = "[CP] Check Pods Manifest.lock";
			outputPaths = (
				"$(DERIVED_FILE_DIR)/Pods-TapstreamIOS-TapstreamIOSTests-checkManifestLockResult.txt",
			);
			runOnlyForDeploymentPostprocessing = 0;
			shellPath = /bin/sh;
			shellScript = "diff \"${PODS_PODFILE_DIR_PATH}/Podfile.lock\" \"${PODS_ROOT}/Manifest.lock\" > /dev/null\nif [ $? != 0 ] ; then\n    # print error to STDERR\n    echo \"error: The sandbox is not in sync with the Podfile.lock. Run 'pod install' or update your CocoaPods installation.\" >&2\n    exit 1\nfi\n# This output is used by Xcode 'outputs' to avoid re-running this script phase.\necho \"SUCCESS\" > \"${SCRIPT_OUTPUT_FILE_0}\"\n";
			showEnvVarsInLog = 0;
		};
		86B2E1E3DE92758DD12E5AAF /* [CP] Check Pods Manifest.lock */ = {
			isa = PBXShellScriptBuildPhase;
			buildActionMask = 2147483647;
			files = (
			);
			inputPaths = (
				"${PODS_PODFILE_DIR_PATH}/Podfile.lock",
				"${PODS_ROOT}/Manifest.lock",
			);
			name = "[CP] Check Pods Manifest.lock";
			outputPaths = (
				"$(DERIVED_FILE_DIR)/Pods-TapstreamIOS-checkManifestLockResult.txt",
			);
			runOnlyForDeploymentPostprocessing = 0;
			shellPath = /bin/sh;
			shellScript = "diff \"${PODS_PODFILE_DIR_PATH}/Podfile.lock\" \"${PODS_ROOT}/Manifest.lock\" > /dev/null\nif [ $? != 0 ] ; then\n    # print error to STDERR\n    echo \"error: The sandbox is not in sync with the Podfile.lock. Run 'pod install' or update your CocoaPods installation.\" >&2\n    exit 1\nfi\n# This output is used by Xcode 'outputs' to avoid re-running this script phase.\necho \"SUCCESS\" > \"${SCRIPT_OUTPUT_FILE_0}\"\n";
			showEnvVarsInLog = 0;
		};
/* End PBXShellScriptBuildPhase section */

/* Begin PBXSourcesBuildPhase section */
		666C19B21CE65CA9004806D9 /* Sources */ = {
			isa = PBXSourcesBuildPhase;
			buildActionMask = 2147483647;
			files = (
				66C311501D36DCD60029ECE9 /* TSConfig.m in Sources */,
				66C311561D36DCD60029ECE9 /* TSDefaultAppEventSource.m in Sources */,
				66C3115A1D36DCD60029ECE9 /* TSDefaultCoreListener.m in Sources */,
				66BA431E1DB59876006591B2 /* TSIOSFireEventDelegate.m in Sources */,
				66C3115C1D36DCD60029ECE9 /* TSDefaultFireEventStrategy.m in Sources */,
				66C3115E1D36DCD60029ECE9 /* TSDefaultHttpClient.m in Sources */,
				6624C0DB1DA58E5000FF5AAC /* TSDefaultLanderStrategy.m in Sources */,
				6624C0C31DA3268900FF5AAC /* TSDefaultOfferStrategy.m in Sources */,
				66C311621D36DCD60029ECE9 /* TSDefaultPersistentStorage.m in Sources */,
				66C311641D36DCD60029ECE9 /* TSDefaultPlatform.m in Sources */,
				6624C0C51DA3268900FF5AAC /* TSDefaultRewardStrategy.m in Sources */,
				66C311661D36DCD60029ECE9 /* TSError.m in Sources */,
				66C311681D36DCD60029ECE9 /* TSEvent.m in Sources */,
				662077C61D64D2EE00355F81 /* TSFireEventDelegate.m in Sources */,
				6624C0DE1DA58E5000FF5AAC /* TSIOSShowLanderDelegate.m in Sources */,
				66EA910F1DB02A9D00D4D8D5 /* TSTimelineSummaryResponse.m in Sources */,
				6624C0E01DA58E5000FF5AAC /* TSLander.m in Sources */,
				6624C0E21DA58E5000FF5AAC /* TSLanderController.m in Sources */,
				6624C0E51DA58E5000FF5AAC /* TSLanderDelegateWrapper.m in Sources */,
				66C3116D1D36DCD60029ECE9 /* TSLogging.m in Sources */,
				6624C0C71DA3268900FF5AAC /* TSOffer.m in Sources */,
				6624C0C91DA3268900FF5AAC /* TSOfferApiResponse.m in Sources */,
				66BA43221DB59876006591B2 /* TSIOSUniversalLinkDelegate.m in Sources */,
				6624C0CD1DA3268900FF5AAC /* TSOfferViewController.m in Sources */,
				66BA43251DB59876006591B2 /* TSUniversalLinkApiResponse.m in Sources */,
				66C311721D36DCD60029ECE9 /* TSRequestData.m in Sources */,
				66EA91151DB02E4600D4D8D5 /* TSMaybeError.m in Sources */,
				66BA43201DB59876006591B2 /* TSIOSStartupDelegate.m in Sources */,
				66C311741D36DCD60029ECE9 /* TSResponse.m in Sources */,
				6624C0CF1DA3268900FF5AAC /* TSReward.m in Sources */,
				6624C0D11DA3268900FF5AAC /* TSRewardApiResponse.m in Sources */,
				662077BD1D63F51300355F81 /* TSStartupDelegate.m in Sources */,
				66C311781D36DCD60029ECE9 /* TSTapstream.m in Sources */,
				66C311521D36DCD60029ECE9 /* TSTimelineApiResponse.m in Sources */,
				66837F531D5C020500D01591 /* TSTimelineLookupDelegate.m in Sources */,
				66C3117C1D36DCD60029ECE9 /* TSURLBuilder.m in Sources */,
				66C3117E1D36DCD60029ECE9 /* TSURLEncoder.m in Sources */,
				6624C0D41DA3268900FF5AAC /* TSWordOfMouthController.m in Sources */,
			);
			runOnlyForDeploymentPostprocessing = 0;
		};
		666C19BD1CE65CA9004806D9 /* Sources */ = {
			isa = PBXSourcesBuildPhase;
			buildActionMask = 2147483647;
			files = (
				66C842B51D249D5500DA04CD /* TestRequestData.m in Sources */,
				6624C0D91DA58E4400FF5AAC /* TestShowLanderDelegate.m in Sources */,
				6624C08B1DA3251500FF5AAC /* TestIOSFireEventDelegate.m in Sources */,
				6624C0A51DA3258F00FF5AAC /* TestRewardStrategy.m in Sources */,
				662077B01D63E8E000355F81 /* TSTestUtils.m in Sources */,
				662077CC1D64E7C800355F81 /* TestFireEventDelegate.m in Sources */,
				669256E71DA6EA6E00946429 /* TestWordOfMouthController.m in Sources */,
				660498E91D020DB5003DA374 /* TestURLBuilder.m in Sources */,
				6624C08A1DA3251500FF5AAC /* TestIOSStartupDelegate.m in Sources */,
				66EA911A1DB0333B00D4D8D5 /* TestDeeplinkApiResponse.m in Sources */,
				6624C0A41DA3258F00FF5AAC /* TestOfferStrategy.m in Sources */,
				6624C0D81DA58E4400FF5AAC /* TestLanderStrategy.m in Sources */,
				662077C31D64D10900355F81 /* TestDefaultStartupDelegate.m in Sources */,
				66DBC9511D06155900759F80 /* TSTestPersistentStorage.m in Sources */,
				66519FEA1D2B42F30002E7E7 /* TestURLEncoder.m in Sources */,
				66BFCF791D0A30D5004AF5EE /* TestFireEventStrategy.m in Sources */,
				6624C0D71DA58E4400FF5AAC /* TestLander.m in Sources */,
				6624C0921DA3251500FF5AAC /* TestUniversalLink.m in Sources */,
				662077B51D63EAB300355F81 /* TestTimelineLookupDelegate.m in Sources */,
				66207A9A1D0B7547001DB3B5 /* TestConversionQueryResponse.m in Sources */,
				6624C0911DA3251500FF5AAC /* TestTapstream.m in Sources */,
				6624C0931DA3251500FF5AAC /* TestUniversalLinkDelegate.m in Sources */,
				661510191D079D9300B298B7 /* TestEvent.m in Sources */,
			);
			runOnlyForDeploymentPostprocessing = 0;
		};
/* End PBXSourcesBuildPhase section */

/* Begin PBXTargetDependency section */
		666C19C41CE65CA9004806D9 /* PBXTargetDependency */ = {
			isa = PBXTargetDependency;
			target = 666C19B61CE65CA9004806D9 /* TapstreamIOS */;
			targetProxy = 666C19C31CE65CA9004806D9 /* PBXContainerItemProxy */;
		};
/* End PBXTargetDependency section */

/* Begin XCBuildConfiguration section */
		666C19C91CE65CA9004806D9 /* Debug */ = {
			isa = XCBuildConfiguration;
			buildSettings = {
				ALWAYS_SEARCH_USER_PATHS = NO;
				CLANG_ANALYZER_LOCALIZABILITY_NONLOCALIZED = YES;
				CLANG_ANALYZER_NONNULL = YES;
				CLANG_CXX_LANGUAGE_STANDARD = "gnu++0x";
				CLANG_CXX_LIBRARY = "libc++";
				CLANG_ENABLE_MODULES = YES;
				CLANG_ENABLE_OBJC_ARC = YES;
				CLANG_WARN_BLOCK_CAPTURE_AUTORELEASING = YES;
				CLANG_WARN_BOOL_CONVERSION = YES;
				CLANG_WARN_COMMA = YES;
				CLANG_WARN_CONSTANT_CONVERSION = YES;
				CLANG_WARN_DEPRECATED_OBJC_IMPLEMENTATIONS = YES;
				CLANG_WARN_DIRECT_OBJC_ISA_USAGE = YES_ERROR;
				CLANG_WARN_EMPTY_BODY = YES;
				CLANG_WARN_ENUM_CONVERSION = YES;
				CLANG_WARN_INFINITE_RECURSION = YES;
				CLANG_WARN_INT_CONVERSION = YES;
				CLANG_WARN_NON_LITERAL_NULL_CONVERSION = YES;
				CLANG_WARN_OBJC_IMPLICIT_RETAIN_SELF = YES;
				CLANG_WARN_OBJC_LITERAL_CONVERSION = YES;
				CLANG_WARN_OBJC_ROOT_CLASS = YES_ERROR;
				CLANG_WARN_QUOTED_INCLUDE_IN_FRAMEWORK_HEADER = YES;
				CLANG_WARN_RANGE_LOOP_ANALYSIS = YES;
				CLANG_WARN_STRICT_PROTOTYPES = YES;
				CLANG_WARN_SUSPICIOUS_MOVE = YES;
				CLANG_WARN_UNREACHABLE_CODE = YES;
				CLANG_WARN__DUPLICATE_METHOD_MATCH = YES;
				CODE_SIGN_IDENTITY = "";
				"CODE_SIGN_IDENTITY[sdk=iphoneos*]" = "iPhone Developer";
				COPY_PHASE_STRIP = NO;
				CURRENT_PROJECT_VERSION = 1;
				DEBUG_INFORMATION_FORMAT = dwarf;
				ENABLE_STRICT_OBJC_MSGSEND = YES;
				ENABLE_TESTABILITY = YES;
				GCC_C_LANGUAGE_STANDARD = gnu99;
				GCC_DYNAMIC_NO_PIC = NO;
				GCC_NO_COMMON_BLOCKS = YES;
				GCC_OPTIMIZATION_LEVEL = 0;
				GCC_PREPROCESSOR_DEFINITIONS = (
					"DEBUG=1",
					"$(inherited)",
				);
				GCC_WARN_64_TO_32_BIT_CONVERSION = YES;
				GCC_WARN_ABOUT_RETURN_TYPE = YES_ERROR;
				GCC_WARN_UNDECLARED_SELECTOR = YES;
				GCC_WARN_UNINITIALIZED_AUTOS = YES_AGGRESSIVE;
				GCC_WARN_UNUSED_FUNCTION = YES;
				GCC_WARN_UNUSED_VARIABLE = YES;
				IPHONEOS_DEPLOYMENT_TARGET = 15.0;
				MACOSX_DEPLOYMENT_TARGET = "$(RECOMMENDED_MACOSX_DEPLOYMENT_TARGET)";
				MTL_ENABLE_DEBUG_INFO = YES;
				ONLY_ACTIVE_ARCH = YES;
				SDKROOT = iphoneos;
				TARGETED_DEVICE_FAMILY = "1,2";
				VERSIONING_SYSTEM = "apple-generic";
				VERSION_INFO_PREFIX = "";
			};
			name = Debug;
		};
		666C19CA1CE65CA9004806D9 /* Release */ = {
			isa = XCBuildConfiguration;
			buildSettings = {
				ALWAYS_SEARCH_USER_PATHS = NO;
				CLANG_ANALYZER_LOCALIZABILITY_NONLOCALIZED = YES;
				CLANG_ANALYZER_NONNULL = YES;
				CLANG_CXX_LANGUAGE_STANDARD = "gnu++0x";
				CLANG_CXX_LIBRARY = "libc++";
				CLANG_ENABLE_MODULES = YES;
				CLANG_ENABLE_OBJC_ARC = YES;
				CLANG_WARN_BLOCK_CAPTURE_AUTORELEASING = YES;
				CLANG_WARN_BOOL_CONVERSION = YES;
				CLANG_WARN_COMMA = YES;
				CLANG_WARN_CONSTANT_CONVERSION = YES;
				CLANG_WARN_DEPRECATED_OBJC_IMPLEMENTATIONS = YES;
				CLANG_WARN_DIRECT_OBJC_ISA_USAGE = YES_ERROR;
				CLANG_WARN_EMPTY_BODY = YES;
				CLANG_WARN_ENUM_CONVERSION = YES;
				CLANG_WARN_INFINITE_RECURSION = YES;
				CLANG_WARN_INT_CONVERSION = YES;
				CLANG_WARN_NON_LITERAL_NULL_CONVERSION = YES;
				CLANG_WARN_OBJC_IMPLICIT_RETAIN_SELF = YES;
				CLANG_WARN_OBJC_LITERAL_CONVERSION = YES;
				CLANG_WARN_OBJC_ROOT_CLASS = YES_ERROR;
				CLANG_WARN_QUOTED_INCLUDE_IN_FRAMEWORK_HEADER = YES;
				CLANG_WARN_RANGE_LOOP_ANALYSIS = YES;
				CLANG_WARN_STRICT_PROTOTYPES = YES;
				CLANG_WARN_SUSPICIOUS_MOVE = YES;
				CLANG_WARN_UNREACHABLE_CODE = YES;
				CLANG_WARN__DUPLICATE_METHOD_MATCH = YES;
				"CODE_SIGN_IDENTITY[sdk=iphoneos*]" = "iPhone Developer";
				COPY_PHASE_STRIP = NO;
				CURRENT_PROJECT_VERSION = 1;
				DEBUG_INFORMATION_FORMAT = "dwarf-with-dsym";
				ENABLE_NS_ASSERTIONS = NO;
				ENABLE_STRICT_OBJC_MSGSEND = YES;
				GCC_C_LANGUAGE_STANDARD = gnu99;
				GCC_NO_COMMON_BLOCKS = YES;
				GCC_WARN_64_TO_32_BIT_CONVERSION = YES;
				GCC_WARN_ABOUT_RETURN_TYPE = YES_ERROR;
				GCC_WARN_UNDECLARED_SELECTOR = YES;
				GCC_WARN_UNINITIALIZED_AUTOS = YES_AGGRESSIVE;
				GCC_WARN_UNUSED_FUNCTION = YES;
				GCC_WARN_UNUSED_VARIABLE = YES;
				IPHONEOS_DEPLOYMENT_TARGET = 15.0;
				MACOSX_DEPLOYMENT_TARGET = "$(RECOMMENDED_MACOSX_DEPLOYMENT_TARGET)";
				MTL_ENABLE_DEBUG_INFO = NO;
				SDKROOT = iphoneos;
				TARGETED_DEVICE_FAMILY = "1,2";
				VALIDATE_PRODUCT = YES;
				VERSIONING_SYSTEM = "apple-generic";
				VERSION_INFO_PREFIX = "";
			};
			name = Release;
		};
		666C19CC1CE65CA9004806D9 /* Debug */ = {
			isa = XCBuildConfiguration;
			baseConfigurationReference = C91DBB379BAE7BD35C068BFD /* Pods-TapstreamIOS.debug.xcconfig */;
			buildSettings = {
				CODE_SIGN_IDENTITY = "";
				"CODE_SIGN_IDENTITY[sdk=iphoneos*]" = "iPhone Developer";
				DEFINES_MODULE = YES;
				DEVELOPMENT_TEAM = 9SC764U3NB;
				DYLIB_COMPATIBILITY_VERSION = 1;
				DYLIB_CURRENT_VERSION = 1;
				DYLIB_INSTALL_NAME_BASE = "@rpath";
				INFOPLIST_FILE = "tapstream-sdk-ios/Info.plist";
				INSTALL_PATH = "$(LOCAL_LIBRARY_DIR)/Frameworks";
				IPHONEOS_DEPLOYMENT_TARGET = 15.0;
				LD_RUNPATH_SEARCH_PATHS = "$(inherited) @executable_path/Frameworks @loader_path/Frameworks";
				LIBRARY_SEARCH_PATHS = "";
				MARKETING_VERSION = 4.0.1;
				PRODUCT_BUNDLE_IDENTIFIER = com.tapstream.TapstreamIOS;
				PRODUCT_NAME = "$(TARGET_NAME)";
				SKIP_INSTALL = YES;
				SUPPORTED_PLATFORMS = "iphoneos iphonesimulator";
				SUPPORTS_MACCATALYST = NO;
				SUPPORTS_MAC_DESIGNED_FOR_IPHONE_IPAD = NO;
				TARGETED_DEVICE_FAMILY = "1,2";
			};
			name = Debug;
		};
		666C19CD1CE65CA9004806D9 /* Release */ = {
			isa = XCBuildConfiguration;
			baseConfigurationReference = B6321C68A2CCB9B536C8707E /* Pods-TapstreamIOS.release.xcconfig */;
			buildSettings = {
				CODE_SIGN_IDENTITY = "";
				"CODE_SIGN_IDENTITY[sdk=iphoneos*]" = "iPhone Developer";
				DEFINES_MODULE = YES;
				DEVELOPMENT_TEAM = 9SC764U3NB;
				DYLIB_COMPATIBILITY_VERSION = 1;
				DYLIB_CURRENT_VERSION = 1;
				DYLIB_INSTALL_NAME_BASE = "@rpath";
				INFOPLIST_FILE = "tapstream-sdk-ios/Info.plist";
				INSTALL_PATH = "$(LOCAL_LIBRARY_DIR)/Frameworks";
				IPHONEOS_DEPLOYMENT_TARGET = 15.0;
				LD_RUNPATH_SEARCH_PATHS = "$(inherited) @executable_path/Frameworks @loader_path/Frameworks";
				LIBRARY_SEARCH_PATHS = "";
				MARKETING_VERSION = 4.0.1;
				PRODUCT_BUNDLE_IDENTIFIER = com.tapstream.TapstreamIOS;
				PRODUCT_NAME = "$(TARGET_NAME)";
				SKIP_INSTALL = YES;
				SUPPORTED_PLATFORMS = "iphoneos iphonesimulator";
				SUPPORTS_MACCATALYST = NO;
				SUPPORTS_MAC_DESIGNED_FOR_IPHONE_IPAD = NO;
				TARGETED_DEVICE_FAMILY = "1,2";
			};
			name = Release;
		};
		666C19CF1CE65CA9004806D9 /* Debug */ = {
			isa = XCBuildConfiguration;
			baseConfigurationReference = D5635CD2CDB07DA53D55735E /* Pods-TapstreamIOS-TapstreamIOSTests.debug.xcconfig */;
			buildSettings = {
				"CODE_SIGN_IDENTITY[sdk=iphoneos*]" = "iPhone Developer";
				DEVELOPMENT_TEAM = 9SC764U3NB;
				INFOPLIST_FILE = "tapstream-sdk-ios-tests/Info.plist";
				IPHONEOS_DEPLOYMENT_TARGET = 15.0;
				LD_RUNPATH_SEARCH_PATHS = "$(inherited) @executable_path/Frameworks @loader_path/Frameworks";
				PRODUCT_BUNDLE_IDENTIFIER = "com.tapstream.tapstream-sdk-ios-tests";
				PRODUCT_NAME = "$(TARGET_NAME)";
				SUPPORTED_PLATFORMS = "iphoneos iphonesimulator";
				SUPPORTS_MACCATALYST = NO;
				SUPPORTS_MAC_DESIGNED_FOR_IPHONE_IPAD = NO;
				TARGETED_DEVICE_FAMILY = "1,2";
			};
			name = Debug;
		};
		666C19D01CE65CA9004806D9 /* Release */ = {
			isa = XCBuildConfiguration;
			baseConfigurationReference = 498A1375C8B2471F144D97F5 /* Pods-TapstreamIOS-TapstreamIOSTests.release.xcconfig */;
			buildSettings = {
				"CODE_SIGN_IDENTITY[sdk=iphoneos*]" = "iPhone Developer";
				DEVELOPMENT_TEAM = 9SC764U3NB;
				INFOPLIST_FILE = "tapstream-sdk-ios-tests/Info.plist";
				IPHONEOS_DEPLOYMENT_TARGET = 15.0;
				LD_RUNPATH_SEARCH_PATHS = "$(inherited) @executable_path/Frameworks @loader_path/Frameworks";
				PRODUCT_BUNDLE_IDENTIFIER = "com.tapstream.tapstream-sdk-ios-tests";
				PRODUCT_NAME = "$(TARGET_NAME)";
				SUPPORTED_PLATFORMS = "iphoneos iphonesimulator";
				SUPPORTS_MACCATALYST = NO;
				SUPPORTS_MAC_DESIGNED_FOR_IPHONE_IPAD = NO;
				TARGETED_DEVICE_FAMILY = "1,2";
			};
			name = Release;
		};
/* End XCBuildConfiguration section */

/* Begin XCConfigurationList section */
		666C19B11CE65CA9004806D9 /* Build configuration list for PBXProject "tapstream-sdk-ios" */ = {
			isa = XCConfigurationList;
			buildConfigurations = (
				666C19C91CE65CA9004806D9 /* Debug */,
				666C19CA1CE65CA9004806D9 /* Release */,
			);
			defaultConfigurationIsVisible = 0;
			defaultConfigurationName = Release;
		};
		666C19CB1CE65CA9004806D9 /* Build configuration list for PBXNativeTarget "TapstreamIOS" */ = {
			isa = XCConfigurationList;
			buildConfigurations = (
				666C19CC1CE65CA9004806D9 /* Debug */,
				666C19CD1CE65CA9004806D9 /* Release */,
			);
			defaultConfigurationIsVisible = 0;
			defaultConfigurationName = Release;
		};
		666C19CE1CE65CA9004806D9 /* Build configuration list for PBXNativeTarget "TapstreamIOSTests" */ = {
			isa = XCConfigurationList;
			buildConfigurations = (
				666C19CF1CE65CA9004806D9 /* Debug */,
				666C19D01CE65CA9004806D9 /* Release */,
			);
			defaultConfigurationIsVisible = 0;
			defaultConfigurationName = Release;
		};
/* End XCConfigurationList section */
	};
	rootObject = 666C19AE1CE65CA9004806D9 /* Project object */;
}
