// !$*UTF8*$!
{
	archiveVersion = 1;
	classes = {
	};
	objectVersion = 46;
	objects = {

/* Begin PBXBuildFile section */
		666C19C21CE65CA9004806D9 /* Tapstream.framework in Frameworks */ = {isa = PBXBuildFile; fileRef = 666C19B71CE65CA9004806D9 /* Tapstream.framework */; };
		666C1A8C1CE65D81004806D9 /* TSApi.h in Headers */ = {isa = PBXBuildFile; fileRef = 666C1A561CE65D81004806D9 /* TSApi.h */; settings = {ATTRIBUTES = (Public, ); }; };
		666C1A8D1CE65D81004806D9 /* TSAppEventSource.h in Headers */ = {isa = PBXBuildFile; fileRef = 666C1A571CE65D81004806D9 /* TSAppEventSource.h */; settings = {ATTRIBUTES = (Public, ); }; };
		666C1A8E1CE65D81004806D9 /* TSConfig.h in Headers */ = {isa = PBXBuildFile; fileRef = 666C1A581CE65D81004806D9 /* TSConfig.h */; settings = {ATTRIBUTES = (Public, ); }; };
		666C1A8F1CE65D81004806D9 /* TSConfig.m in Sources */ = {isa = PBXBuildFile; fileRef = 666C1A591CE65D81004806D9 /* TSConfig.m */; };
		666C1A901CE65D81004806D9 /* TSCore.h in Headers */ = {isa = PBXBuildFile; fileRef = 666C1A5A1CE65D81004806D9 /* TSCore.h */; settings = {ATTRIBUTES = (Public, ); }; };
		666C1A911CE65D81004806D9 /* TSCore.m in Sources */ = {isa = PBXBuildFile; fileRef = 666C1A5B1CE65D81004806D9 /* TSCore.m */; };
		666C1A921CE65D81004806D9 /* TSCoreListener.h in Headers */ = {isa = PBXBuildFile; fileRef = 666C1A5C1CE65D81004806D9 /* TSCoreListener.h */; settings = {ATTRIBUTES = (Public, ); }; };
		666C1A931CE65D81004806D9 /* TSDelegate.h in Headers */ = {isa = PBXBuildFile; fileRef = 666C1A5D1CE65D81004806D9 /* TSDelegate.h */; settings = {ATTRIBUTES = (Public, ); }; };
		666C1A941CE65D81004806D9 /* TSEvent.h in Headers */ = {isa = PBXBuildFile; fileRef = 666C1A5E1CE65D81004806D9 /* TSEvent.h */; settings = {ATTRIBUTES = (Public, ); }; };
		666C1A951CE65D81004806D9 /* TSEvent.m in Sources */ = {isa = PBXBuildFile; fileRef = 666C1A5F1CE65D81004806D9 /* TSEvent.m */; };
		666C1A961CE65D81004806D9 /* TSHelpers.h in Headers */ = {isa = PBXBuildFile; fileRef = 666C1A601CE65D81004806D9 /* TSHelpers.h */; settings = {ATTRIBUTES = (Public, ); }; };
		666C1A971CE65D81004806D9 /* TSHit.h in Headers */ = {isa = PBXBuildFile; fileRef = 666C1A611CE65D81004806D9 /* TSHit.h */; settings = {ATTRIBUTES = (Public, ); }; };
		666C1A981CE65D81004806D9 /* TSHit.m in Sources */ = {isa = PBXBuildFile; fileRef = 666C1A621CE65D81004806D9 /* TSHit.m */; };
		666C1A991CE65D81004806D9 /* TSLogging.h in Headers */ = {isa = PBXBuildFile; fileRef = 666C1A631CE65D81004806D9 /* TSLogging.h */; settings = {ATTRIBUTES = (Public, ); }; };
		666C1A9A1CE65D81004806D9 /* TSLogging.m in Sources */ = {isa = PBXBuildFile; fileRef = 666C1A641CE65D81004806D9 /* TSLogging.m */; };
		666C1A9B1CE65D81004806D9 /* TSLogLevel.h in Headers */ = {isa = PBXBuildFile; fileRef = 666C1A651CE65D81004806D9 /* TSLogLevel.h */; settings = {ATTRIBUTES = (Public, ); }; };
		666C1A9C1CE65D81004806D9 /* TSPlatform.h in Headers */ = {isa = PBXBuildFile; fileRef = 666C1A661CE65D81004806D9 /* TSPlatform.h */; settings = {ATTRIBUTES = (Public, ); }; };
		666C1A9D1CE65D81004806D9 /* TSResponse.h in Headers */ = {isa = PBXBuildFile; fileRef = 666C1A671CE65D81004806D9 /* TSResponse.h */; settings = {ATTRIBUTES = (Public, ); }; };
		666C1A9E1CE65D81004806D9 /* TSResponse.m in Sources */ = {isa = PBXBuildFile; fileRef = 666C1A681CE65D81004806D9 /* TSResponse.m */; };
		666C1A9F1CE65D81004806D9 /* TSUniversalLink.h in Headers */ = {isa = PBXBuildFile; fileRef = 666C1A691CE65D81004806D9 /* TSUniversalLink.h */; settings = {ATTRIBUTES = (Public, ); }; };
		666C1AA01CE65D81004806D9 /* TSUniversalLink.m in Sources */ = {isa = PBXBuildFile; fileRef = 666C1A6A1CE65D81004806D9 /* TSUniversalLink.m */; };
		666C1AA11CE65D81004806D9 /* TSUtils.h in Headers */ = {isa = PBXBuildFile; fileRef = 666C1A6B1CE65D81004806D9 /* TSUtils.h */; settings = {ATTRIBUTES = (Public, ); }; };
		666C1AA21CE65D81004806D9 /* TSUtils.m in Sources */ = {isa = PBXBuildFile; fileRef = 666C1A6C1CE65D81004806D9 /* TSUtils.m */; };
		666C1AA71CE65D81004806D9 /* TSAppEventSourceImpl.h in Headers */ = {isa = PBXBuildFile; fileRef = 666C1A791CE65D81004806D9 /* TSAppEventSourceImpl.h */; settings = {ATTRIBUTES = (Public, ); }; };
		666C1AA81CE65D81004806D9 /* TSAppEventSourceImpl.m in Sources */ = {isa = PBXBuildFile; fileRef = 666C1A7A1CE65D81004806D9 /* TSAppEventSourceImpl.m */; };
		666C1AA91CE65D81004806D9 /* TSCoreListenerImpl.h in Headers */ = {isa = PBXBuildFile; fileRef = 666C1A7B1CE65D81004806D9 /* TSCoreListenerImpl.h */; settings = {ATTRIBUTES = (Public, ); }; };
		666C1AAA1CE65D81004806D9 /* TSCoreListenerImpl.m in Sources */ = {isa = PBXBuildFile; fileRef = 666C1A7C1CE65D81004806D9 /* TSCoreListenerImpl.m */; };
		666C1AAB1CE65D81004806D9 /* TSLander.h in Headers */ = {isa = PBXBuildFile; fileRef = 666C1A7D1CE65D81004806D9 /* TSLander.h */; settings = {ATTRIBUTES = (Public, ); }; };
		666C1AAC1CE65D81004806D9 /* TSLander.m in Sources */ = {isa = PBXBuildFile; fileRef = 666C1A7E1CE65D81004806D9 /* TSLander.m */; };
		666C1AAD1CE65D81004806D9 /* TSLanderController.h in Headers */ = {isa = PBXBuildFile; fileRef = 666C1A7F1CE65D81004806D9 /* TSLanderController.h */; settings = {ATTRIBUTES = (Public, ); }; };
		666C1AAE1CE65D81004806D9 /* TSLanderController.m in Sources */ = {isa = PBXBuildFile; fileRef = 666C1A801CE65D81004806D9 /* TSLanderController.m */; };
		666C1AAF1CE65D81004806D9 /* TSLanderDelegate.h in Headers */ = {isa = PBXBuildFile; fileRef = 666C1A811CE65D81004806D9 /* TSLanderDelegate.h */; settings = {ATTRIBUTES = (Public, ); }; };
		666C1AB01CE65D81004806D9 /* TSLanderDelegateWrapper.h in Headers */ = {isa = PBXBuildFile; fileRef = 666C1A821CE65D81004806D9 /* TSLanderDelegateWrapper.h */; settings = {ATTRIBUTES = (Public, ); }; };
		666C1AB11CE65D81004806D9 /* TSLanderDelegateWrapper.m in Sources */ = {isa = PBXBuildFile; fileRef = 666C1A831CE65D81004806D9 /* TSLanderDelegateWrapper.m */; };
		666C1AB21CE65D81004806D9 /* TSLanderView.xib in Resources */ = {isa = PBXBuildFile; fileRef = 666C1A841CE65D81004806D9 /* TSLanderView.xib */; };
		666C1AB31CE65D81004806D9 /* TSPlatformImpl.h in Headers */ = {isa = PBXBuildFile; fileRef = 666C1A851CE65D81004806D9 /* TSPlatformImpl.h */; settings = {ATTRIBUTES = (Public, ); }; };
		666C1AB41CE65D81004806D9 /* TSPlatformImpl.m in Sources */ = {isa = PBXBuildFile; fileRef = 666C1A861CE65D81004806D9 /* TSPlatformImpl.m */; };
		666C1AB51CE65D81004806D9 /* TSSafariViewControllerDelegate.h in Headers */ = {isa = PBXBuildFile; fileRef = 666C1A871CE65D81004806D9 /* TSSafariViewControllerDelegate.h */; settings = {ATTRIBUTES = (Public, ); }; };
		666C1AB61CE65D81004806D9 /* TSSafariViewControllerDelegate.m in Sources */ = {isa = PBXBuildFile; fileRef = 666C1A881CE65D81004806D9 /* TSSafariViewControllerDelegate.m */; };
		666C1AB71CE65D81004806D9 /* TSTapstream.h in Headers */ = {isa = PBXBuildFile; fileRef = 666C1A891CE65D81004806D9 /* TSTapstream.h */; settings = {ATTRIBUTES = (Public, ); }; };
		666C1AB81CE65D81004806D9 /* TSTapstream.m in Sources */ = {isa = PBXBuildFile; fileRef = 666C1A8A1CE65D81004806D9 /* TSTapstream.m */; };
		666C1AB91CE65D81004806D9 /* TSWordOfMouthDelegate.h in Headers */ = {isa = PBXBuildFile; fileRef = 666C1A8B1CE65D81004806D9 /* TSWordOfMouthDelegate.h */; settings = {ATTRIBUTES = (Public, ); }; };
		66C7EC541CE65F8200A8C7E0 /* TestTapstream.m in Sources */ = {isa = PBXBuildFile; fileRef = 666C19C61CE65CA9004806D9 /* TestTapstream.m */; };
/* End PBXBuildFile section */

/* Begin PBXContainerItemProxy section */
		666C19C31CE65CA9004806D9 /* PBXContainerItemProxy */ = {
			isa = PBXContainerItemProxy;
			containerPortal = 666C19AE1CE65CA9004806D9 /* Project object */;
			proxyType = 1;
			remoteGlobalIDString = 666C19B61CE65CA9004806D9;
			remoteInfo = "tapstream-sdk-ios";
		};
/* End PBXContainerItemProxy section */

/* Begin PBXFileReference section */
		666C19B71CE65CA9004806D9 /* Tapstream.framework */ = {isa = PBXFileReference; explicitFileType = wrapper.framework; includeInIndex = 0; path = Tapstream.framework; sourceTree = BUILT_PRODUCTS_DIR; };
		666C19BC1CE65CA9004806D9 /* Info.plist */ = {isa = PBXFileReference; lastKnownFileType = text.plist.xml; path = Info.plist; sourceTree = "<group>"; };
		666C19C11CE65CA9004806D9 /* TapstreamTest.xctest */ = {isa = PBXFileReference; explicitFileType = wrapper.cfbundle; includeInIndex = 0; path = TapstreamTest.xctest; sourceTree = BUILT_PRODUCTS_DIR; };
		666C19C61CE65CA9004806D9 /* TestTapstream.m */ = {isa = PBXFileReference; lastKnownFileType = sourcecode.c.objc; path = TestTapstream.m; sourceTree = "<group>"; };
		666C19C81CE65CA9004806D9 /* Info.plist */ = {isa = PBXFileReference; lastKnownFileType = text.plist.xml; path = Info.plist; sourceTree = "<group>"; };
		666C1A561CE65D81004806D9 /* TSApi.h */ = {isa = PBXFileReference; fileEncoding = 4; lastKnownFileType = sourcecode.c.h; path = TSApi.h; sourceTree = "<group>"; };
		666C1A571CE65D81004806D9 /* TSAppEventSource.h */ = {isa = PBXFileReference; fileEncoding = 4; lastKnownFileType = sourcecode.c.h; path = TSAppEventSource.h; sourceTree = "<group>"; };
		666C1A581CE65D81004806D9 /* TSConfig.h */ = {isa = PBXFileReference; fileEncoding = 4; lastKnownFileType = sourcecode.c.h; path = TSConfig.h; sourceTree = "<group>"; };
		666C1A591CE65D81004806D9 /* TSConfig.m */ = {isa = PBXFileReference; fileEncoding = 4; lastKnownFileType = sourcecode.c.objc; path = TSConfig.m; sourceTree = "<group>"; };
		666C1A5A1CE65D81004806D9 /* TSCore.h */ = {isa = PBXFileReference; fileEncoding = 4; lastKnownFileType = sourcecode.c.h; path = TSCore.h; sourceTree = "<group>"; };
		666C1A5B1CE65D81004806D9 /* TSCore.m */ = {isa = PBXFileReference; fileEncoding = 4; lastKnownFileType = sourcecode.c.objc; path = TSCore.m; sourceTree = "<group>"; };
		666C1A5C1CE65D81004806D9 /* TSCoreListener.h */ = {isa = PBXFileReference; fileEncoding = 4; lastKnownFileType = sourcecode.c.h; path = TSCoreListener.h; sourceTree = "<group>"; };
		666C1A5D1CE65D81004806D9 /* TSDelegate.h */ = {isa = PBXFileReference; fileEncoding = 4; lastKnownFileType = sourcecode.c.h; path = TSDelegate.h; sourceTree = "<group>"; };
		666C1A5E1CE65D81004806D9 /* TSEvent.h */ = {isa = PBXFileReference; fileEncoding = 4; lastKnownFileType = sourcecode.c.h; path = TSEvent.h; sourceTree = "<group>"; };
		666C1A5F1CE65D81004806D9 /* TSEvent.m */ = {isa = PBXFileReference; fileEncoding = 4; lastKnownFileType = sourcecode.c.objc; path = TSEvent.m; sourceTree = "<group>"; };
		666C1A601CE65D81004806D9 /* TSHelpers.h */ = {isa = PBXFileReference; fileEncoding = 4; lastKnownFileType = sourcecode.c.h; path = TSHelpers.h; sourceTree = "<group>"; };
		666C1A611CE65D81004806D9 /* TSHit.h */ = {isa = PBXFileReference; fileEncoding = 4; lastKnownFileType = sourcecode.c.h; path = TSHit.h; sourceTree = "<group>"; };
		666C1A621CE65D81004806D9 /* TSHit.m */ = {isa = PBXFileReference; fileEncoding = 4; lastKnownFileType = sourcecode.c.objc; path = TSHit.m; sourceTree = "<group>"; };
		666C1A631CE65D81004806D9 /* TSLogging.h */ = {isa = PBXFileReference; fileEncoding = 4; lastKnownFileType = sourcecode.c.h; path = TSLogging.h; sourceTree = "<group>"; };
		666C1A641CE65D81004806D9 /* TSLogging.m */ = {isa = PBXFileReference; fileEncoding = 4; lastKnownFileType = sourcecode.c.objc; path = TSLogging.m; sourceTree = "<group>"; };
		666C1A651CE65D81004806D9 /* TSLogLevel.h */ = {isa = PBXFileReference; fileEncoding = 4; lastKnownFileType = sourcecode.c.h; path = TSLogLevel.h; sourceTree = "<group>"; };
		666C1A661CE65D81004806D9 /* TSPlatform.h */ = {isa = PBXFileReference; fileEncoding = 4; lastKnownFileType = sourcecode.c.h; path = TSPlatform.h; sourceTree = "<group>"; };
		666C1A671CE65D81004806D9 /* TSResponse.h */ = {isa = PBXFileReference; fileEncoding = 4; lastKnownFileType = sourcecode.c.h; path = TSResponse.h; sourceTree = "<group>"; };
		666C1A681CE65D81004806D9 /* TSResponse.m */ = {isa = PBXFileReference; fileEncoding = 4; lastKnownFileType = sourcecode.c.objc; path = TSResponse.m; sourceTree = "<group>"; };
		666C1A691CE65D81004806D9 /* TSUniversalLink.h */ = {isa = PBXFileReference; fileEncoding = 4; lastKnownFileType = sourcecode.c.h; path = TSUniversalLink.h; sourceTree = "<group>"; };
		666C1A6A1CE65D81004806D9 /* TSUniversalLink.m */ = {isa = PBXFileReference; fileEncoding = 4; lastKnownFileType = sourcecode.c.objc; path = TSUniversalLink.m; sourceTree = "<group>"; };
		666C1A6B1CE65D81004806D9 /* TSUtils.h */ = {isa = PBXFileReference; fileEncoding = 4; lastKnownFileType = sourcecode.c.h; path = TSUtils.h; sourceTree = "<group>"; };
		666C1A6C1CE65D81004806D9 /* TSUtils.m */ = {isa = PBXFileReference; fileEncoding = 4; lastKnownFileType = sourcecode.c.objc; path = TSUtils.m; sourceTree = "<group>"; };
		666C1A791CE65D81004806D9 /* TSAppEventSourceImpl.h */ = {isa = PBXFileReference; fileEncoding = 4; lastKnownFileType = sourcecode.c.h; path = TSAppEventSourceImpl.h; sourceTree = "<group>"; };
		666C1A7A1CE65D81004806D9 /* TSAppEventSourceImpl.m */ = {isa = PBXFileReference; fileEncoding = 4; lastKnownFileType = sourcecode.c.objc; path = TSAppEventSourceImpl.m; sourceTree = "<group>"; };
		666C1A7B1CE65D81004806D9 /* TSCoreListenerImpl.h */ = {isa = PBXFileReference; fileEncoding = 4; lastKnownFileType = sourcecode.c.h; path = TSCoreListenerImpl.h; sourceTree = "<group>"; };
		666C1A7C1CE65D81004806D9 /* TSCoreListenerImpl.m */ = {isa = PBXFileReference; fileEncoding = 4; lastKnownFileType = sourcecode.c.objc; path = TSCoreListenerImpl.m; sourceTree = "<group>"; };
		666C1A7D1CE65D81004806D9 /* TSLander.h */ = {isa = PBXFileReference; fileEncoding = 4; lastKnownFileType = sourcecode.c.h; path = TSLander.h; sourceTree = "<group>"; };
		666C1A7E1CE65D81004806D9 /* TSLander.m */ = {isa = PBXFileReference; fileEncoding = 4; lastKnownFileType = sourcecode.c.objc; path = TSLander.m; sourceTree = "<group>"; };
		666C1A7F1CE65D81004806D9 /* TSLanderController.h */ = {isa = PBXFileReference; fileEncoding = 4; lastKnownFileType = sourcecode.c.h; path = TSLanderController.h; sourceTree = "<group>"; };
		666C1A801CE65D81004806D9 /* TSLanderController.m */ = {isa = PBXFileReference; fileEncoding = 4; lastKnownFileType = sourcecode.c.objc; path = TSLanderController.m; sourceTree = "<group>"; };
		666C1A811CE65D81004806D9 /* TSLanderDelegate.h */ = {isa = PBXFileReference; fileEncoding = 4; lastKnownFileType = sourcecode.c.h; path = TSLanderDelegate.h; sourceTree = "<group>"; };
		666C1A821CE65D81004806D9 /* TSLanderDelegateWrapper.h */ = {isa = PBXFileReference; fileEncoding = 4; lastKnownFileType = sourcecode.c.h; path = TSLanderDelegateWrapper.h; sourceTree = "<group>"; };
		666C1A831CE65D81004806D9 /* TSLanderDelegateWrapper.m */ = {isa = PBXFileReference; fileEncoding = 4; lastKnownFileType = sourcecode.c.objc; path = TSLanderDelegateWrapper.m; sourceTree = "<group>"; };
		666C1A841CE65D81004806D9 /* TSLanderView.xib */ = {isa = PBXFileReference; fileEncoding = 4; lastKnownFileType = file.xib; path = TSLanderView.xib; sourceTree = "<group>"; };
		666C1A851CE65D81004806D9 /* TSPlatformImpl.h */ = {isa = PBXFileReference; fileEncoding = 4; lastKnownFileType = sourcecode.c.h; path = TSPlatformImpl.h; sourceTree = "<group>"; };
		666C1A861CE65D81004806D9 /* TSPlatformImpl.m */ = {isa = PBXFileReference; fileEncoding = 4; lastKnownFileType = sourcecode.c.objc; path = TSPlatformImpl.m; sourceTree = "<group>"; };
		666C1A871CE65D81004806D9 /* TSSafariViewControllerDelegate.h */ = {isa = PBXFileReference; fileEncoding = 4; lastKnownFileType = sourcecode.c.h; path = TSSafariViewControllerDelegate.h; sourceTree = "<group>"; };
		666C1A881CE65D81004806D9 /* TSSafariViewControllerDelegate.m */ = {isa = PBXFileReference; fileEncoding = 4; lastKnownFileType = sourcecode.c.objc; path = TSSafariViewControllerDelegate.m; sourceTree = "<group>"; };
		666C1A891CE65D81004806D9 /* TSTapstream.h */ = {isa = PBXFileReference; fileEncoding = 4; lastKnownFileType = sourcecode.c.h; path = TSTapstream.h; sourceTree = "<group>"; };
		666C1A8A1CE65D81004806D9 /* TSTapstream.m */ = {isa = PBXFileReference; fileEncoding = 4; lastKnownFileType = sourcecode.c.objc; path = TSTapstream.m; sourceTree = "<group>"; };
		666C1A8B1CE65D81004806D9 /* TSWordOfMouthDelegate.h */ = {isa = PBXFileReference; fileEncoding = 4; lastKnownFileType = sourcecode.c.h; path = TSWordOfMouthDelegate.h; sourceTree = "<group>"; };
/* End PBXFileReference section */

/* Begin PBXFrameworksBuildPhase section */
		666C19B31CE65CA9004806D9 /* Frameworks */ = {
			isa = PBXFrameworksBuildPhase;
			buildActionMask = 2147483647;
			files = (
			);
			runOnlyForDeploymentPostprocessing = 0;
		};
		666C19BE1CE65CA9004806D9 /* Frameworks */ = {
			isa = PBXFrameworksBuildPhase;
			buildActionMask = 2147483647;
			files = (
				666C19C21CE65CA9004806D9 /* Tapstream.framework in Frameworks */,
			);
			runOnlyForDeploymentPostprocessing = 0;
		};
/* End PBXFrameworksBuildPhase section */

/* Begin PBXGroup section */
		666C19AD1CE65CA9004806D9 = {
			isa = PBXGroup;
			children = (
				666C19B91CE65CA9004806D9 /* tapstream-sdk-ios */,
				666C19C51CE65CA9004806D9 /* tapstream-sdk-ios-tests */,
				666C19B81CE65CA9004806D9 /* Products */,
			);
			sourceTree = "<group>";
		};
		666C19B81CE65CA9004806D9 /* Products */ = {
			isa = PBXGroup;
			children = (
				666C19B71CE65CA9004806D9 /* Tapstream.framework */,
				666C19C11CE65CA9004806D9 /* TapstreamTest.xctest */,
			);
			name = Products;
			sourceTree = "<group>";
		};
		666C19B91CE65CA9004806D9 /* tapstream-sdk-ios */ = {
			isa = PBXGroup;
			children = (
				666C1A551CE65D81004806D9 /* Core */,
				666C1A6D1CE65D81004806D9 /* Tapstream */,
				666C19BC1CE65CA9004806D9 /* Info.plist */,
			);
			path = "tapstream-sdk-ios";
			sourceTree = "<group>";
		};
		666C19C51CE65CA9004806D9 /* tapstream-sdk-ios-tests */ = {
			isa = PBXGroup;
			children = (
				666C19C61CE65CA9004806D9 /* TestTapstream.m */,
				666C19C81CE65CA9004806D9 /* Info.plist */,
			);
			path = "tapstream-sdk-ios-tests";
			sourceTree = "<group>";
		};
		666C1A551CE65D81004806D9 /* Core */ = {
			isa = PBXGroup;
			children = (
				666C1A561CE65D81004806D9 /* TSApi.h */,
				666C1A571CE65D81004806D9 /* TSAppEventSource.h */,
				666C1A581CE65D81004806D9 /* TSConfig.h */,
				666C1A591CE65D81004806D9 /* TSConfig.m */,
				666C1A5A1CE65D81004806D9 /* TSCore.h */,
				666C1A5B1CE65D81004806D9 /* TSCore.m */,
				666C1A5C1CE65D81004806D9 /* TSCoreListener.h */,
				666C1A5D1CE65D81004806D9 /* TSDelegate.h */,
				666C1A5E1CE65D81004806D9 /* TSEvent.h */,
				666C1A5F1CE65D81004806D9 /* TSEvent.m */,
				666C1A601CE65D81004806D9 /* TSHelpers.h */,
				666C1A611CE65D81004806D9 /* TSHit.h */,
				666C1A621CE65D81004806D9 /* TSHit.m */,
				666C1A631CE65D81004806D9 /* TSLogging.h */,
				666C1A641CE65D81004806D9 /* TSLogging.m */,
				666C1A651CE65D81004806D9 /* TSLogLevel.h */,
				666C1A661CE65D81004806D9 /* TSPlatform.h */,
				666C1A671CE65D81004806D9 /* TSResponse.h */,
				666C1A681CE65D81004806D9 /* TSResponse.m */,
				666C1A691CE65D81004806D9 /* TSUniversalLink.h */,
				666C1A6A1CE65D81004806D9 /* TSUniversalLink.m */,
				666C1A6B1CE65D81004806D9 /* TSUtils.h */,
				666C1A6C1CE65D81004806D9 /* TSUtils.m */,
			);
			path = Core;
			sourceTree = "<group>";
		};
		666C1A6D1CE65D81004806D9 /* Tapstream */ = {
			isa = PBXGroup;
			children = (
				666C1A791CE65D81004806D9 /* TSAppEventSourceImpl.h */,
				666C1A7A1CE65D81004806D9 /* TSAppEventSourceImpl.m */,
				666C1A7B1CE65D81004806D9 /* TSCoreListenerImpl.h */,
				666C1A7C1CE65D81004806D9 /* TSCoreListenerImpl.m */,
				666C1A7D1CE65D81004806D9 /* TSLander.h */,
				666C1A7E1CE65D81004806D9 /* TSLander.m */,
				666C1A7F1CE65D81004806D9 /* TSLanderController.h */,
				666C1A801CE65D81004806D9 /* TSLanderController.m */,
				666C1A811CE65D81004806D9 /* TSLanderDelegate.h */,
				666C1A821CE65D81004806D9 /* TSLanderDelegateWrapper.h */,
				666C1A831CE65D81004806D9 /* TSLanderDelegateWrapper.m */,
				666C1A841CE65D81004806D9 /* TSLanderView.xib */,
				666C1A851CE65D81004806D9 /* TSPlatformImpl.h */,
				666C1A861CE65D81004806D9 /* TSPlatformImpl.m */,
				666C1A871CE65D81004806D9 /* TSSafariViewControllerDelegate.h */,
				666C1A881CE65D81004806D9 /* TSSafariViewControllerDelegate.m */,
				666C1A891CE65D81004806D9 /* TSTapstream.h */,
				666C1A8A1CE65D81004806D9 /* TSTapstream.m */,
				666C1A8B1CE65D81004806D9 /* TSWordOfMouthDelegate.h */,
			);
			path = Tapstream;
			sourceTree = "<group>";
		};
/* End PBXGroup section */

/* Begin PBXHeadersBuildPhase section */
		666C19B41CE65CA9004806D9 /* Headers */ = {
			isa = PBXHeadersBuildPhase;
			buildActionMask = 2147483647;
			files = (
				666C1AB71CE65D81004806D9 /* TSTapstream.h in Headers */,
				666C1A991CE65D81004806D9 /* TSLogging.h in Headers */,
				666C1A9F1CE65D81004806D9 /* TSUniversalLink.h in Headers */,
				666C1A8E1CE65D81004806D9 /* TSConfig.h in Headers */,
				666C1AAF1CE65D81004806D9 /* TSLanderDelegate.h in Headers */,
				666C1A921CE65D81004806D9 /* TSCoreListener.h in Headers */,
				666C1AAB1CE65D81004806D9 /* TSLander.h in Headers */,
				666C1A8C1CE65D81004806D9 /* TSApi.h in Headers */,
				666C1AA91CE65D81004806D9 /* TSCoreListenerImpl.h in Headers */,
				666C1A9C1CE65D81004806D9 /* TSPlatform.h in Headers */,
				666C1A931CE65D81004806D9 /* TSDelegate.h in Headers */,
				666C1A971CE65D81004806D9 /* TSHit.h in Headers */,
				666C1A961CE65D81004806D9 /* TSHelpers.h in Headers */,
				666C1AB31CE65D81004806D9 /* TSPlatformImpl.h in Headers */,
				666C1AB51CE65D81004806D9 /* TSSafariViewControllerDelegate.h in Headers */,
				666C1AB91CE65D81004806D9 /* TSWordOfMouthDelegate.h in Headers */,
				666C1AA11CE65D81004806D9 /* TSUtils.h in Headers */,
				666C1A9B1CE65D81004806D9 /* TSLogLevel.h in Headers */,
				666C1AAD1CE65D81004806D9 /* TSLanderController.h in Headers */,
				666C1AB01CE65D81004806D9 /* TSLanderDelegateWrapper.h in Headers */,
				666C1AA71CE65D81004806D9 /* TSAppEventSourceImpl.h in Headers */,
				666C1A941CE65D81004806D9 /* TSEvent.h in Headers */,
				666C1A8D1CE65D81004806D9 /* TSAppEventSource.h in Headers */,
				666C1A901CE65D81004806D9 /* TSCore.h in Headers */,
				666C1A9D1CE65D81004806D9 /* TSResponse.h in Headers */,
			);
			runOnlyForDeploymentPostprocessing = 0;
		};
/* End PBXHeadersBuildPhase section */

/* Begin PBXNativeTarget section */
		666C19B61CE65CA9004806D9 /* Tapstream */ = {
			isa = PBXNativeTarget;
			buildConfigurationList = 666C19CB1CE65CA9004806D9 /* Build configuration list for PBXNativeTarget "Tapstream" */;
			buildPhases = (
				666C19B21CE65CA9004806D9 /* Sources */,
				666C19B31CE65CA9004806D9 /* Frameworks */,
				666C19B41CE65CA9004806D9 /* Headers */,
				666C19B51CE65CA9004806D9 /* Resources */,
			);
			buildRules = (
			);
			dependencies = (
			);
			name = Tapstream;
			productName = "tapstream-sdk-ios";
			productReference = 666C19B71CE65CA9004806D9 /* Tapstream.framework */;
			productType = "com.apple.product-type.framework";
		};
		666C19C01CE65CA9004806D9 /* TapstreamTest */ = {
			isa = PBXNativeTarget;
			buildConfigurationList = 666C19CE1CE65CA9004806D9 /* Build configuration list for PBXNativeTarget "TapstreamTest" */;
			buildPhases = (
				666C19BD1CE65CA9004806D9 /* Sources */,
				666C19BE1CE65CA9004806D9 /* Frameworks */,
				666C19BF1CE65CA9004806D9 /* Resources */,
			);
			buildRules = (
			);
			dependencies = (
				666C19C41CE65CA9004806D9 /* PBXTargetDependency */,
			);
			name = TapstreamTest;
			productName = "tapstream-sdk-iosTests";
			productReference = 666C19C11CE65CA9004806D9 /* TapstreamTest.xctest */;
			productType = "com.apple.product-type.bundle.unit-test";
		};
/* End PBXNativeTarget section */

/* Begin PBXProject section */
		666C19AE1CE65CA9004806D9 /* Project object */ = {
			isa = PBXProject;
			attributes = {
				LastUpgradeCheck = 0730;
				ORGANIZATIONNAME = "Adam Bard";
				TargetAttributes = {
					666C19B61CE65CA9004806D9 = {
						CreatedOnToolsVersion = 7.3.1;
					};
					666C19C01CE65CA9004806D9 = {
						CreatedOnToolsVersion = 7.3.1;
					};
				};
			};
			buildConfigurationList = 666C19B11CE65CA9004806D9 /* Build configuration list for PBXProject "tapstream-sdk-ios" */;
			compatibilityVersion = "Xcode 3.2";
			developmentRegion = English;
			hasScannedForEncodings = 0;
			knownRegions = (
				en,
			);
			mainGroup = 666C19AD1CE65CA9004806D9;
			productRefGroup = 666C19B81CE65CA9004806D9 /* Products */;
			projectDirPath = "";
			projectRoot = "";
			targets = (
				666C19B61CE65CA9004806D9 /* Tapstream */,
				666C19C01CE65CA9004806D9 /* TapstreamTest */,
			);
		};
/* End PBXProject section */

/* Begin PBXResourcesBuildPhase section */
		666C19B51CE65CA9004806D9 /* Resources */ = {
			isa = PBXResourcesBuildPhase;
			buildActionMask = 2147483647;
			files = (
				666C1AB21CE65D81004806D9 /* TSLanderView.xib in Resources */,
			);
			runOnlyForDeploymentPostprocessing = 0;
		};
		666C19BF1CE65CA9004806D9 /* Resources */ = {
			isa = PBXResourcesBuildPhase;
			buildActionMask = 2147483647;
			files = (
			);
			runOnlyForDeploymentPostprocessing = 0;
		};
/* End PBXResourcesBuildPhase section */

/* Begin PBXSourcesBuildPhase section */
		666C19B21CE65CA9004806D9 /* Sources */ = {
			isa = PBXSourcesBuildPhase;
			buildActionMask = 2147483647;
			files = (
				666C1AB81CE65D81004806D9 /* TSTapstream.m in Sources */,
				666C1AB61CE65D81004806D9 /* TSSafariViewControllerDelegate.m in Sources */,
				666C1AAE1CE65D81004806D9 /* TSLanderController.m in Sources */,
				666C1A8F1CE65D81004806D9 /* TSConfig.m in Sources */,
				666C1AAA1CE65D81004806D9 /* TSCoreListenerImpl.m in Sources */,
				666C1A9E1CE65D81004806D9 /* TSResponse.m in Sources */,
				666C1AA01CE65D81004806D9 /* TSUniversalLink.m in Sources */,
				666C1AB41CE65D81004806D9 /* TSPlatformImpl.m in Sources */,
				666C1A951CE65D81004806D9 /* TSEvent.m in Sources */,
				666C1AA21CE65D81004806D9 /* TSUtils.m in Sources */,
				666C1AAC1CE65D81004806D9 /* TSLander.m in Sources */,
				666C1A9A1CE65D81004806D9 /* TSLogging.m in Sources */,
				666C1A981CE65D81004806D9 /* TSHit.m in Sources */,
				666C1AB11CE65D81004806D9 /* TSLanderDelegateWrapper.m in Sources */,
				666C1A911CE65D81004806D9 /* TSCore.m in Sources */,
				666C1AA81CE65D81004806D9 /* TSAppEventSourceImpl.m in Sources */,
			);
			runOnlyForDeploymentPostprocessing = 0;
		};
		666C19BD1CE65CA9004806D9 /* Sources */ = {
			isa = PBXSourcesBuildPhase;
			buildActionMask = 2147483647;
			files = (
				66C7EC541CE65F8200A8C7E0 /* TestTapstream.m in Sources */,
			);
			runOnlyForDeploymentPostprocessing = 0;
		};
/* End PBXSourcesBuildPhase section */

/* Begin PBXTargetDependency section */
		666C19C41CE65CA9004806D9 /* PBXTargetDependency */ = {
			isa = PBXTargetDependency;
			target = 666C19B61CE65CA9004806D9 /* Tapstream */;
			targetProxy = 666C19C31CE65CA9004806D9 /* PBXContainerItemProxy */;
		};
/* End PBXTargetDependency section */

/* Begin XCBuildConfiguration section */
		666C19C91CE65CA9004806D9 /* Debug */ = {
			isa = XCBuildConfiguration;
			buildSettings = {
				ALWAYS_SEARCH_USER_PATHS = NO;
				CLANG_ANALYZER_NONNULL = YES;
				CLANG_CXX_LANGUAGE_STANDARD = "gnu++0x";
				CLANG_CXX_LIBRARY = "libc++";
				CLANG_ENABLE_MODULES = YES;
				CLANG_ENABLE_OBJC_ARC = YES;
				CLANG_WARN_BOOL_CONVERSION = YES;
				CLANG_WARN_CONSTANT_CONVERSION = YES;
				CLANG_WARN_DIRECT_OBJC_ISA_USAGE = YES_ERROR;
				CLANG_WARN_EMPTY_BODY = YES;
				CLANG_WARN_ENUM_CONVERSION = YES;
				CLANG_WARN_INT_CONVERSION = YES;
				CLANG_WARN_OBJC_ROOT_CLASS = YES_ERROR;
				CLANG_WARN_UNREACHABLE_CODE = YES;
				CLANG_WARN__DUPLICATE_METHOD_MATCH = YES;
				"CODE_SIGN_IDENTITY[sdk=iphoneos*]" = "iPhone Developer";
				COPY_PHASE_STRIP = NO;
				CURRENT_PROJECT_VERSION = 1;
				DEBUG_INFORMATION_FORMAT = dwarf;
				ENABLE_STRICT_OBJC_MSGSEND = YES;
				ENABLE_TESTABILITY = YES;
				GCC_C_LANGUAGE_STANDARD = gnu99;
				GCC_DYNAMIC_NO_PIC = NO;
				GCC_NO_COMMON_BLOCKS = YES;
				GCC_OPTIMIZATION_LEVEL = 0;
				GCC_PREPROCESSOR_DEFINITIONS = (
					"DEBUG=1",
					"$(inherited)",
				);
				GCC_WARN_64_TO_32_BIT_CONVERSION = YES;
				GCC_WARN_ABOUT_RETURN_TYPE = YES_ERROR;
				GCC_WARN_UNDECLARED_SELECTOR = YES;
				GCC_WARN_UNINITIALIZED_AUTOS = YES_AGGRESSIVE;
				GCC_WARN_UNUSED_FUNCTION = YES;
				GCC_WARN_UNUSED_VARIABLE = YES;
				IPHONEOS_DEPLOYMENT_TARGET = 9.3;
				MTL_ENABLE_DEBUG_INFO = YES;
				ONLY_ACTIVE_ARCH = YES;
				SDKROOT = iphoneos;
				TARGETED_DEVICE_FAMILY = "1,2";
				VERSIONING_SYSTEM = "apple-generic";
				VERSION_INFO_PREFIX = "";
			};
			name = Debug;
		};
		666C19CA1CE65CA9004806D9 /* Release */ = {
			isa = XCBuildConfiguration;
			buildSettings = {
				ALWAYS_SEARCH_USER_PATHS = NO;
				CLANG_ANALYZER_NONNULL = YES;
				CLANG_CXX_LANGUAGE_STANDARD = "gnu++0x";
				CLANG_CXX_LIBRARY = "libc++";
				CLANG_ENABLE_MODULES = YES;
				CLANG_ENABLE_OBJC_ARC = YES;
				CLANG_WARN_BOOL_CONVERSION = YES;
				CLANG_WARN_CONSTANT_CONVERSION = YES;
				CLANG_WARN_DIRECT_OBJC_ISA_USAGE = YES_ERROR;
				CLANG_WARN_EMPTY_BODY = YES;
				CLANG_WARN_ENUM_CONVERSION = YES;
				CLANG_WARN_INT_CONVERSION = YES;
				CLANG_WARN_OBJC_ROOT_CLASS = YES_ERROR;
				CLANG_WARN_UNREACHABLE_CODE = YES;
				CLANG_WARN__DUPLICATE_METHOD_MATCH = YES;
				"CODE_SIGN_IDENTITY[sdk=iphoneos*]" = "iPhone Developer";
				COPY_PHASE_STRIP = NO;
				CURRENT_PROJECT_VERSION = 1;
				DEBUG_INFORMATION_FORMAT = "dwarf-with-dsym";
				ENABLE_NS_ASSERTIONS = NO;
				ENABLE_STRICT_OBJC_MSGSEND = YES;
				GCC_C_LANGUAGE_STANDARD = gnu99;
				GCC_NO_COMMON_BLOCKS = YES;
				GCC_WARN_64_TO_32_BIT_CONVERSION = YES;
				GCC_WARN_ABOUT_RETURN_TYPE = YES_ERROR;
				GCC_WARN_UNDECLARED_SELECTOR = YES;
				GCC_WARN_UNINITIALIZED_AUTOS = YES_AGGRESSIVE;
				GCC_WARN_UNUSED_FUNCTION = YES;
				GCC_WARN_UNUSED_VARIABLE = YES;
				IPHONEOS_DEPLOYMENT_TARGET = 9.3;
				MTL_ENABLE_DEBUG_INFO = NO;
				SDKROOT = iphoneos;
				TARGETED_DEVICE_FAMILY = "1,2";
				VALIDATE_PRODUCT = YES;
				VERSIONING_SYSTEM = "apple-generic";
				VERSION_INFO_PREFIX = "";
			};
			name = Release;
		};
		666C19CC1CE65CA9004806D9 /* Debug */ = {
			isa = XCBuildConfiguration;
			buildSettings = {
				DEFINES_MODULE = YES;
				DYLIB_COMPATIBILITY_VERSION = 1;
				DYLIB_CURRENT_VERSION = 1;
				DYLIB_INSTALL_NAME_BASE = "@rpath";
				INFOPLIST_FILE = "tapstream-sdk-ios/Info.plist";
				INSTALL_PATH = "$(LOCAL_LIBRARY_DIR)/Frameworks";
				IPHONEOS_DEPLOYMENT_TARGET = 6.0;
				LD_RUNPATH_SEARCH_PATHS = "$(inherited) @executable_path/Frameworks @loader_path/Frameworks";
				LIBRARY_SEARCH_PATHS = (
					"$(inherited)",
					"$(PROJECT_DIR)/tapstream-sdk-ios/Tapstream/bin/ios/arc",
					"$(PROJECT_DIR)/tapstream-sdk-ios/Tapstream/bin/ios/noarc",
					"$(PROJECT_DIR)/tapstream-sdk-ios/Tapstream/bin/mac/arc",
					"$(PROJECT_DIR)/tapstream-sdk-ios/Tapstream/bin/mac/noarc",
				);
				PRODUCT_BUNDLE_IDENTIFIER = "com.tapstream.tapstream-sdk-ios";
				PRODUCT_NAME = "$(TARGET_NAME)";
				SKIP_INSTALL = YES;
			};
			name = Debug;
		};
		666C19CD1CE65CA9004806D9 /* Release */ = {
			isa = XCBuildConfiguration;
			buildSettings = {
				DEFINES_MODULE = YES;
				DYLIB_COMPATIBILITY_VERSION = 1;
				DYLIB_CURRENT_VERSION = 1;
				DYLIB_INSTALL_NAME_BASE = "@rpath";
				INFOPLIST_FILE = "tapstream-sdk-ios/Info.plist";
				INSTALL_PATH = "$(LOCAL_LIBRARY_DIR)/Frameworks";
				IPHONEOS_DEPLOYMENT_TARGET = 6.0;
				LD_RUNPATH_SEARCH_PATHS = "$(inherited) @executable_path/Frameworks @loader_path/Frameworks";
				LIBRARY_SEARCH_PATHS = (
					"$(inherited)",
					"$(PROJECT_DIR)/tapstream-sdk-ios/Tapstream/bin/ios/arc",
					"$(PROJECT_DIR)/tapstream-sdk-ios/Tapstream/bin/ios/noarc",
					"$(PROJECT_DIR)/tapstream-sdk-ios/Tapstream/bin/mac/arc",
					"$(PROJECT_DIR)/tapstream-sdk-ios/Tapstream/bin/mac/noarc",
				);
				PRODUCT_BUNDLE_IDENTIFIER = "com.tapstream.tapstream-sdk-ios";
				PRODUCT_NAME = "$(TARGET_NAME)";
				SKIP_INSTALL = YES;
			};
			name = Release;
		};
		666C19CF1CE65CA9004806D9 /* Debug */ = {
			isa = XCBuildConfiguration;
			buildSettings = {
				INFOPLIST_FILE = "tapstream-sdk-ios-tests/Info.plist";
				LD_RUNPATH_SEARCH_PATHS = "$(inherited) @executable_path/Frameworks @loader_path/Frameworks";
				PRODUCT_BUNDLE_IDENTIFIER = "com.tapstream.tapstream-sdk-ios-tests";
				PRODUCT_NAME = "$(TARGET_NAME)";
			};
			name = Debug;
		};
		666C19D01CE65CA9004806D9 /* Release */ = {
			isa = XCBuildConfiguration;
			buildSettings = {
				INFOPLIST_FILE = "tapstream-sdk-ios-tests/Info.plist";
				LD_RUNPATH_SEARCH_PATHS = "$(inherited) @executable_path/Frameworks @loader_path/Frameworks";
				PRODUCT_BUNDLE_IDENTIFIER = "com.tapstream.tapstream-sdk-ios-tests";
				PRODUCT_NAME = "$(TARGET_NAME)";
			};
			name = Release;
		};
/* End XCBuildConfiguration section */

/* Begin XCConfigurationList section */
		666C19B11CE65CA9004806D9 /* Build configuration list for PBXProject "tapstream-sdk-ios" */ = {
			isa = XCConfigurationList;
			buildConfigurations = (
				666C19C91CE65CA9004806D9 /* Debug */,
				666C19CA1CE65CA9004806D9 /* Release */,
			);
			defaultConfigurationIsVisible = 0;
			defaultConfigurationName = Release;
		};
		666C19CB1CE65CA9004806D9 /* Build configuration list for PBXNativeTarget "Tapstream" */ = {
			isa = XCConfigurationList;
			buildConfigurations = (
				666C19CC1CE65CA9004806D9 /* Debug */,
				666C19CD1CE65CA9004806D9 /* Release */,
			);
			defaultConfigurationIsVisible = 0;
			defaultConfigurationName = Release;
		};
		666C19CE1CE65CA9004806D9 /* Build configuration list for PBXNativeTarget "TapstreamTest" */ = {
			isa = XCConfigurationList;
			buildConfigurations = (
				666C19CF1CE65CA9004806D9 /* Debug */,
				666C19D01CE65CA9004806D9 /* Release */,
			);
			defaultConfigurationIsVisible = 0;
			defaultConfigurationName = Release;
		};
/* End XCConfigurationList section */
	};
	rootObject = 666C19AE1CE65CA9004806D9 /* Project object */;
}
